// !$*UTF8*$!
{
	archiveVersion = 1;
	classes = {
	};
	objectVersion = 54;
	objects = {

/* Begin PBXBuildFile section */
		0308A1282AAEED7E0086157A /* VpnHelper.swift in Sources */ = {isa = PBXBuildFile; fileRef = 0308A1272AAEED7E0086157A /* VpnHelper.swift */; };
		0308A12C2AAEEE2C0086157A /* UserNotificationsManager.swift in Sources */ = {isa = PBXBuildFile; fileRef = 0308A12B2AAEEE2C0086157A /* UserNotificationsManager.swift */; };
		0308A12E2AAEEF410086157A /* Events.swift in Sources */ = {isa = PBXBuildFile; fileRef = 0308A12D2AAEEF410086157A /* Events.swift */; };
		0308A1302AAEF3AA0086157A /* Event.swift in Sources */ = {isa = PBXBuildFile; fileRef = 0308A12F2AAEF3AA0086157A /* Event.swift */; };
		0308A1312AAEF3B00086157A /* Event.swift in Sources */ = {isa = PBXBuildFile; fileRef = 0308A12F2AAEF3AA0086157A /* Event.swift */; };
		0308A1342AAEF5130086157A /* VPNBase.swift in Sources */ = {isa = PBXBuildFile; fileRef = 03A1AB152AA88BF200FB41B2 /* VPNBase.swift */; };
		0308A1392AAEF8DE0086157A /* FlashlightManager.swift in Sources */ = {isa = PBXBuildFile; fileRef = 0321C3F82AA9D8DF00D462C1 /* FlashlightManager.swift */; };
		0308A13E2AAF43A10086157A /* UserNotificationsManager.swift in Sources */ = {isa = PBXBuildFile; fileRef = 0308A12B2AAEEE2C0086157A /* UserNotificationsManager.swift */; };
		0321C3F72AA9D84700D462C1 /* Process.swift in Sources */ = {isa = PBXBuildFile; fileRef = 0321C3F62AA9D84700D462C1 /* Process.swift */; };
		0321C3F92AA9D8DF00D462C1 /* FlashlightManager.swift in Sources */ = {isa = PBXBuildFile; fileRef = 0321C3F82AA9D8DF00D462C1 /* FlashlightManager.swift */; };
		0324CC302AE279CF00490B46 /* SentryUtils.swift in Sources */ = {isa = PBXBuildFile; fileRef = 0324CC2F2AE279CF00490B46 /* SentryUtils.swift */; };
		032A43582AA6F8AA00EF442B /* DnsDetector.swift in Sources */ = {isa = PBXBuildFile; fileRef = 032A43572AA6F8AA00EF442B /* DnsDetector.swift */; };
		0332DD612BFF809C0007240D /* StatsTracker.swift in Sources */ = {isa = PBXBuildFile; fileRef = 0332DD602BFF809C0007240D /* StatsTracker.swift */; };
		0333203B2AC698FA00333DA9 /* MockVPNManager.swift in Sources */ = {isa = PBXBuildFile; fileRef = 0333203A2AC698FA00333DA9 /* MockVPNManager.swift */; };
		03567DBB2AA9F15100A233EA /* Constants.swift in Sources */ = {isa = PBXBuildFile; fileRef = 03A1AB432AA8946400FB41B2 /* Constants.swift */; };
		03567DBC2AA9F18D00A233EA /* Process.swift in Sources */ = {isa = PBXBuildFile; fileRef = 0321C3F62AA9D84700D462C1 /* Process.swift */; };
		03567DBE2AA9F31200A233EA /* Logger.swift in Sources */ = {isa = PBXBuildFile; fileRef = 03F2FE332A6949EF0082B34C /* Logger.swift */; };
		03567DC02AA9F47200A233EA /* FileUtils.swift in Sources */ = {isa = PBXBuildFile; fileRef = 03567DBF2AA9F47200A233EA /* FileUtils.swift */; };
		03567DC12AA9F47200A233EA /* FileUtils.swift in Sources */ = {isa = PBXBuildFile; fileRef = 03567DBF2AA9F47200A233EA /* FileUtils.swift */; };
		03567DC42AA9F77000A233EA /* NEProviderStopReason.swift in Sources */ = {isa = PBXBuildFile; fileRef = 03567DC22AA9F77000A233EA /* NEProviderStopReason.swift */; };
		03567DC62AA9F82F00A233EA /* UDPConn.swift in Sources */ = {isa = PBXBuildFile; fileRef = 03567DC52AA9F82F00A233EA /* UDPConn.swift */; };
		035BE7062A7122BC0084059A /* SessionModel.swift in Sources */ = {isa = PBXBuildFile; fileRef = 035BE7042A7122BC0084059A /* SessionModel.swift */; };
		036663D92A9E0C0E00595971 /* JsonUtils.swift in Sources */ = {isa = PBXBuildFile; fileRef = 036663D82A9E0C0E00595971 /* JsonUtils.swift */; };
		03802FA32A98C9B000DACDFC /* SubscriberRequest.swift in Sources */ = {isa = PBXBuildFile; fileRef = 03802FA22A98C9B000DACDFC /* SubscriberRequest.swift */; };
		03A1AB142AA88BDA00FB41B2 /* VPNManager.swift in Sources */ = {isa = PBXBuildFile; fileRef = 03A1AB132AA88BDA00FB41B2 /* VPNManager.swift */; };
		03A1AB322AA890AB00FB41B2 /* NetworkExtension.framework in Frameworks */ = {isa = PBXBuildFile; fileRef = 03A1AB312AA890AB00FB41B2 /* NetworkExtension.framework */; };
		03A1AB352AA890AB00FB41B2 /* PacketTunnelProvider.swift in Sources */ = {isa = PBXBuildFile; fileRef = 03A1AB342AA890AB00FB41B2 /* PacketTunnelProvider.swift */; };
		03A1AB3A2AA890AB00FB41B2 /* Tunnel.appex in Embed Foundation Extensions */ = {isa = PBXBuildFile; fileRef = 03A1AB302AA890AB00FB41B2 /* Tunnel.appex */; settings = {ATTRIBUTES = (RemoveHeadersOnCopy, ); }; };
		03A1AB422AA8930A00FB41B2 /* Result.swift in Sources */ = {isa = PBXBuildFile; fileRef = 03A1AB412AA8930A00FB41B2 /* Result.swift */; };
		03A1AB442AA8946400FB41B2 /* Constants.swift in Sources */ = {isa = PBXBuildFile; fileRef = 03A1AB432AA8946400FB41B2 /* Constants.swift */; };
		03F00B5F2AB07C8000E991E2 /* LoadingIndicatorManager.swift in Sources */ = {isa = PBXBuildFile; fileRef = 03F00B5E2AB07C8000E991E2 /* LoadingIndicatorManager.swift */; };
		03F2FE342A6949EF0082B34C /* Logger.swift in Sources */ = {isa = PBXBuildFile; fileRef = 03F2FE332A6949EF0082B34C /* Logger.swift */; };
		03F4CD822A77E43C00F7BDD8 /* BaseModel.swift in Sources */ = {isa = PBXBuildFile; fileRef = 03F4CD812A77E43C00F7BDD8 /* BaseModel.swift */; };
		03FAF1B22AA1C7940063580C /* RunningEnv.swift in Sources */ = {isa = PBXBuildFile; fileRef = 03FAF1B12AA1C7940063580C /* RunningEnv.swift */; };
		03FAF1B42AA1E9F40063580C /* VpnModel.swift in Sources */ = {isa = PBXBuildFile; fileRef = 03FAF1B32AA1E9F40063580C /* VpnModel.swift */; };
		1498D2341E8E89220040F4C2 /* GeneratedPluginRegistrant.m in Sources */ = {isa = PBXBuildFile; fileRef = 1498D2331E8E89220040F4C2 /* GeneratedPluginRegistrant.m */; };
		3B3967161E833CAA004F5970 /* AppFrameworkInfo.plist in Resources */ = {isa = PBXBuildFile; fileRef = 3B3967151E833CAA004F5970 /* AppFrameworkInfo.plist */; };
		5FA8BFF12BFB34F80097D1B9 /* FlashlightManagerExtension.swift in Sources */ = {isa = PBXBuildFile; fileRef = 5FA8BFF02BFB34F80097D1B9 /* FlashlightManagerExtension.swift */; };
		74858FAF1ED2DC5600515810 /* AppDelegate.swift in Sources */ = {isa = PBXBuildFile; fileRef = 74858FAE1ED2DC5600515810 /* AppDelegate.swift */; };
		97C146FC1CF9000F007C117D /* Main.storyboard in Resources */ = {isa = PBXBuildFile; fileRef = 97C146FA1CF9000F007C117D /* Main.storyboard */; };
		97C146FE1CF9000F007C117D /* Assets.xcassets in Resources */ = {isa = PBXBuildFile; fileRef = 97C146FD1CF9000F007C117D /* Assets.xcassets */; };
		97C147011CF9000F007C117D /* LaunchScreen.storyboard in Resources */ = {isa = PBXBuildFile; fileRef = 97C146FF1CF9000F007C117D /* LaunchScreen.storyboard */; };
		EC22F6242AC44C8E0017D36C /* Internalsdk.xcframework in Frameworks */ = {isa = PBXBuildFile; fileRef = 035FDDD42A6A547F007B15C8 /* Internalsdk.xcframework */; };
		EC27DE902AC44FAD00B840F2 /* DBModule in Frameworks */ = {isa = PBXBuildFile; productRef = EC27DE8F2AC44FAD00B840F2 /* DBModule */; };
		EC595B342ACCB69000A927E1 /* MessagingModel.swift in Sources */ = {isa = PBXBuildFile; fileRef = EC595B332ACCB69000A927E1 /* MessagingModel.swift */; };
		EC6155E92ACC8FF70015527E /* NavigationModel.swift in Sources */ = {isa = PBXBuildFile; fileRef = EC6155E62ACC8FF70015527E /* NavigationModel.swift */; };
		EC6155EA2ACC8FF70015527E /* LanternModel.swift in Sources */ = {isa = PBXBuildFile; fileRef = EC6155E72ACC8FF70015527E /* LanternModel.swift */; };
		ECA871BD2AC59104007C400D /* Pods_Runner.framework in Frameworks */ = {isa = PBXBuildFile; fileRef = 351BB463FD77FC724A8E233C /* Pods_Runner.framework */; };
		ECA871BF2AC59109007C400D /* NetworkExtension.framework in Frameworks */ = {isa = PBXBuildFile; fileRef = 03A1AB312AA890AB00FB41B2 /* NetworkExtension.framework */; };
		ECCA8C672ABD16D20037BF9B /* LanternTests.swift in Sources */ = {isa = PBXBuildFile; fileRef = ECCA8C662ABD16D20037BF9B /* LanternTests.swift */; };
/* End PBXBuildFile section */

/* Begin PBXContainerItemProxy section */
		03A1AB382AA890AB00FB41B2 /* PBXContainerItemProxy */ = {
			isa = PBXContainerItemProxy;
			containerPortal = 97C146E61CF9000F007C117D /* Project object */;
			proxyType = 1;
			remoteGlobalIDString = 03A1AB2F2AA890AB00FB41B2;
			remoteInfo = Tunnel;
		};
		ECCA8C682ABD16D20037BF9B /* PBXContainerItemProxy */ = {
			isa = PBXContainerItemProxy;
			containerPortal = 97C146E61CF9000F007C117D /* Project object */;
			proxyType = 1;
			remoteGlobalIDString = 97C146ED1CF9000F007C117D;
			remoteInfo = Runner;
		};
/* End PBXContainerItemProxy section */

/* Begin PBXCopyFilesBuildPhase section */
		03A1AB3F2AA890AB00FB41B2 /* Embed Foundation Extensions */ = {
			isa = PBXCopyFilesBuildPhase;
			buildActionMask = 2147483647;
			dstPath = "";
			dstSubfolderSpec = 13;
			files = (
				03A1AB3A2AA890AB00FB41B2 /* Tunnel.appex in Embed Foundation Extensions */,
			);
			name = "Embed Foundation Extensions";
			runOnlyForDeploymentPostprocessing = 0;
		};
/* End PBXCopyFilesBuildPhase section */

/* Begin PBXFileReference section */
		0308A1272AAEED7E0086157A /* VpnHelper.swift */ = {isa = PBXFileReference; fileEncoding = 4; lastKnownFileType = sourcecode.swift; path = VpnHelper.swift; sourceTree = "<group>"; };
		0308A12B2AAEEE2C0086157A /* UserNotificationsManager.swift */ = {isa = PBXFileReference; fileEncoding = 4; lastKnownFileType = sourcecode.swift; path = UserNotificationsManager.swift; sourceTree = "<group>"; };
		0308A12D2AAEEF410086157A /* Events.swift */ = {isa = PBXFileReference; fileEncoding = 4; lastKnownFileType = sourcecode.swift; path = Events.swift; sourceTree = "<group>"; };
		0308A12F2AAEF3AA0086157A /* Event.swift */ = {isa = PBXFileReference; fileEncoding = 4; lastKnownFileType = sourcecode.swift; path = Event.swift; sourceTree = "<group>"; };
		0315F55C2AC1C1A500D49F7B /* DatabaseFramework.framework */ = {isa = PBXFileReference; lastKnownFileType = wrapper.framework; name = DatabaseFramework.framework; path = "../../../../../Library/Developer/Xcode/DerivedData/DatabaseFramework-csnjouuwjwleiddbptbupimqigld/Build/Products/Debug-iphoneos/DatabaseFramework.framework"; sourceTree = "<group>"; };
		0321C3F62AA9D84700D462C1 /* Process.swift */ = {isa = PBXFileReference; fileEncoding = 4; lastKnownFileType = sourcecode.swift; path = Process.swift; sourceTree = "<group>"; };
		0321C3F82AA9D8DF00D462C1 /* FlashlightManager.swift */ = {isa = PBXFileReference; fileEncoding = 4; lastKnownFileType = sourcecode.swift; path = FlashlightManager.swift; sourceTree = "<group>"; };
		0324CC2F2AE279CF00490B46 /* SentryUtils.swift */ = {isa = PBXFileReference; lastKnownFileType = sourcecode.swift; path = SentryUtils.swift; sourceTree = "<group>"; };
		032A43572AA6F8AA00EF442B /* DnsDetector.swift */ = {isa = PBXFileReference; lastKnownFileType = sourcecode.swift; path = DnsDetector.swift; sourceTree = "<group>"; };
		0332DD602BFF809C0007240D /* StatsTracker.swift */ = {isa = PBXFileReference; lastKnownFileType = sourcecode.swift; path = StatsTracker.swift; sourceTree = "<group>"; };
		0333203A2AC698FA00333DA9 /* MockVPNManager.swift */ = {isa = PBXFileReference; lastKnownFileType = sourcecode.swift; path = MockVPNManager.swift; sourceTree = "<group>"; };
		03567DBF2AA9F47200A233EA /* FileUtils.swift */ = {isa = PBXFileReference; lastKnownFileType = sourcecode.swift; path = FileUtils.swift; sourceTree = "<group>"; };
		03567DC22AA9F77000A233EA /* NEProviderStopReason.swift */ = {isa = PBXFileReference; fileEncoding = 4; lastKnownFileType = sourcecode.swift; path = NEProviderStopReason.swift; sourceTree = "<group>"; };
		03567DC52AA9F82F00A233EA /* UDPConn.swift */ = {isa = PBXFileReference; fileEncoding = 4; lastKnownFileType = sourcecode.swift; path = UDPConn.swift; sourceTree = "<group>"; };
		035BE7042A7122BC0084059A /* SessionModel.swift */ = {isa = PBXFileReference; fileEncoding = 4; lastKnownFileType = sourcecode.swift; name = SessionModel.swift; path = Models/SessionModel.swift; sourceTree = "<group>"; };
		035FDDD42A6A547F007B15C8 /* Internalsdk.xcframework */ = {isa = PBXFileReference; lastKnownFileType = wrapper.xcframework; path = Internalsdk.xcframework; sourceTree = "<group>"; };
		036663D82A9E0C0E00595971 /* JsonUtils.swift */ = {isa = PBXFileReference; lastKnownFileType = sourcecode.swift; path = JsonUtils.swift; sourceTree = "<group>"; };
		03802FA22A98C9B000DACDFC /* SubscriberRequest.swift */ = {isa = PBXFileReference; lastKnownFileType = sourcecode.swift; path = SubscriberRequest.swift; sourceTree = "<group>"; };
		038EBA8F187F39DA9C6ED912 /* Pods-LanternTests.release-appium-test.xcconfig */ = {isa = PBXFileReference; includeInIndex = 1; lastKnownFileType = text.xcconfig; name = "Pods-LanternTests.release-appium-test.xcconfig"; path = "Target Support Files/Pods-LanternTests/Pods-LanternTests.release-appium-test.xcconfig"; sourceTree = "<group>"; };
		03A1AB102AA8893900FB41B2 /* Runner.entitlements */ = {isa = PBXFileReference; lastKnownFileType = text.plist.entitlements; path = Runner.entitlements; sourceTree = "<group>"; };
		03A1AB132AA88BDA00FB41B2 /* VPNManager.swift */ = {isa = PBXFileReference; fileEncoding = 4; lastKnownFileType = sourcecode.swift; path = VPNManager.swift; sourceTree = "<group>"; };
		03A1AB152AA88BF200FB41B2 /* VPNBase.swift */ = {isa = PBXFileReference; fileEncoding = 4; lastKnownFileType = sourcecode.swift; path = VPNBase.swift; sourceTree = "<group>"; };
		03A1AB302AA890AB00FB41B2 /* Tunnel.appex */ = {isa = PBXFileReference; explicitFileType = "wrapper.app-extension"; includeInIndex = 0; path = Tunnel.appex; sourceTree = BUILT_PRODUCTS_DIR; };
		03A1AB312AA890AB00FB41B2 /* NetworkExtension.framework */ = {isa = PBXFileReference; lastKnownFileType = wrapper.framework; name = NetworkExtension.framework; path = System/Library/Frameworks/NetworkExtension.framework; sourceTree = SDKROOT; };
		03A1AB342AA890AB00FB41B2 /* PacketTunnelProvider.swift */ = {isa = PBXFileReference; lastKnownFileType = sourcecode.swift; path = PacketTunnelProvider.swift; sourceTree = "<group>"; };
		03A1AB362AA890AB00FB41B2 /* Info.plist */ = {isa = PBXFileReference; lastKnownFileType = text.plist.xml; path = Info.plist; sourceTree = "<group>"; };
		03A1AB372AA890AB00FB41B2 /* Tunnel.entitlements */ = {isa = PBXFileReference; lastKnownFileType = text.plist.entitlements; path = Tunnel.entitlements; sourceTree = "<group>"; };
		03A1AB412AA8930A00FB41B2 /* Result.swift */ = {isa = PBXFileReference; fileEncoding = 4; lastKnownFileType = sourcecode.swift; path = Result.swift; sourceTree = "<group>"; };
		03A1AB432AA8946400FB41B2 /* Constants.swift */ = {isa = PBXFileReference; lastKnownFileType = sourcecode.swift; path = Constants.swift; sourceTree = "<group>"; };
		03C58B082AC18BE7003C9788 /* DatabaseFramework.framework */ = {isa = PBXFileReference; lastKnownFileType = wrapper.framework; name = DatabaseFramework.framework; path = ../../../../DatabaseFramework.framework; sourceTree = "<group>"; };
		03D97B1B2AC1900E0092BFC2 /* Pods_DatabaseFramework.framework */ = {isa = PBXFileReference; lastKnownFileType = wrapper.framework; name = Pods_DatabaseFramework.framework; path = "../../../../../Library/Developer/Xcode/DerivedData/DatabaseFramework-csnjouuwjwleiddbptbupimqigld/Build/Products/Debug-iphoneos/Pods_DatabaseFramework.framework"; sourceTree = "<group>"; };
		03F00B5E2AB07C8000E991E2 /* LoadingIndicatorManager.swift */ = {isa = PBXFileReference; lastKnownFileType = sourcecode.swift; path = LoadingIndicatorManager.swift; sourceTree = "<group>"; };
		03F2FE332A6949EF0082B34C /* Logger.swift */ = {isa = PBXFileReference; lastKnownFileType = sourcecode.swift; path = Logger.swift; sourceTree = "<group>"; };
		03F4CD812A77E43C00F7BDD8 /* BaseModel.swift */ = {isa = PBXFileReference; lastKnownFileType = sourcecode.swift; name = BaseModel.swift; path = Models/BaseModel.swift; sourceTree = "<group>"; };
		03FAF1B12AA1C7940063580C /* RunningEnv.swift */ = {isa = PBXFileReference; lastKnownFileType = sourcecode.swift; path = RunningEnv.swift; sourceTree = "<group>"; };
		03FAF1B32AA1E9F40063580C /* VpnModel.swift */ = {isa = PBXFileReference; lastKnownFileType = sourcecode.swift; name = VpnModel.swift; path = Models/VpnModel.swift; sourceTree = "<group>"; };
		04AF578F28344E5CF0932AA9 /* Pods-Runner.profile.xcconfig */ = {isa = PBXFileReference; includeInIndex = 1; lastKnownFileType = text.xcconfig; name = "Pods-Runner.profile.xcconfig"; path = "Target Support Files/Pods-Runner/Pods-Runner.profile.xcconfig"; sourceTree = "<group>"; };
		08C16C9B08A0213C1ED50CB9 /* Pods-Runner.debug-runner-prod.xcconfig */ = {isa = PBXFileReference; includeInIndex = 1; lastKnownFileType = text.xcconfig; name = "Pods-Runner.debug-runner-prod.xcconfig"; path = "Target Support Files/Pods-Runner/Pods-Runner.debug-runner-prod.xcconfig"; sourceTree = "<group>"; };
		1498D2321E8E86230040F4C2 /* GeneratedPluginRegistrant.h */ = {isa = PBXFileReference; lastKnownFileType = sourcecode.c.h; path = GeneratedPluginRegistrant.h; sourceTree = "<group>"; };
		1498D2331E8E89220040F4C2 /* GeneratedPluginRegistrant.m */ = {isa = PBXFileReference; fileEncoding = 4; lastKnownFileType = sourcecode.c.objc; path = GeneratedPluginRegistrant.m; sourceTree = "<group>"; };
		2F26DCD30807EDF6F82D2EED /* Pods-LanternTests.debug.xcconfig */ = {isa = PBXFileReference; includeInIndex = 1; lastKnownFileType = text.xcconfig; name = "Pods-LanternTests.debug.xcconfig"; path = "Target Support Files/Pods-LanternTests/Pods-LanternTests.debug.xcconfig"; sourceTree = "<group>"; };
		351BB463FD77FC724A8E233C /* Pods_Runner.framework */ = {isa = PBXFileReference; explicitFileType = wrapper.framework; includeInIndex = 0; path = Pods_Runner.framework; sourceTree = BUILT_PRODUCTS_DIR; };
		396FEB6CBABC81283ED3D57B /* Pods-Runner.debug-runner-appiumtest.xcconfig */ = {isa = PBXFileReference; includeInIndex = 1; lastKnownFileType = text.xcconfig; name = "Pods-Runner.debug-runner-appiumtest.xcconfig"; path = "Target Support Files/Pods-Runner/Pods-Runner.debug-runner-appiumtest.xcconfig"; sourceTree = "<group>"; };
		3B3967151E833CAA004F5970 /* AppFrameworkInfo.plist */ = {isa = PBXFileReference; fileEncoding = 4; lastKnownFileType = text.plist.xml; name = AppFrameworkInfo.plist; path = Flutter/AppFrameworkInfo.plist; sourceTree = "<group>"; };
		40CA215A5360960236859E29 /* Pods-Runner.debug-prod.xcconfig */ = {isa = PBXFileReference; includeInIndex = 1; lastKnownFileType = text.xcconfig; name = "Pods-Runner.debug-prod.xcconfig"; path = "Target Support Files/Pods-Runner/Pods-Runner.debug-prod.xcconfig"; sourceTree = "<group>"; };
		41DDE2A6029CFDB93A269403 /* Pods-LanternTests.debug-runner-appium-test.xcconfig */ = {isa = PBXFileReference; includeInIndex = 1; lastKnownFileType = text.xcconfig; name = "Pods-LanternTests.debug-runner-appium-test.xcconfig"; path = "Target Support Files/Pods-LanternTests/Pods-LanternTests.debug-runner-appium-test.xcconfig"; sourceTree = "<group>"; };
		4C199F107C36A050FA0BD82A /* Pods-Runner.debug-appium-test.xcconfig */ = {isa = PBXFileReference; includeInIndex = 1; lastKnownFileType = text.xcconfig; name = "Pods-Runner.debug-appium-test.xcconfig"; path = "Target Support Files/Pods-Runner/Pods-Runner.debug-appium-test.xcconfig"; sourceTree = "<group>"; };
		5FA8BFF02BFB34F80097D1B9 /* FlashlightManagerExtension.swift */ = {isa = PBXFileReference; fileEncoding = 4; lastKnownFileType = sourcecode.swift; path = FlashlightManagerExtension.swift; sourceTree = "<group>"; };
		607A0530FA4F0B857B847CC5 /* Pods-Runner.profile-prod.xcconfig */ = {isa = PBXFileReference; includeInIndex = 1; lastKnownFileType = text.xcconfig; name = "Pods-Runner.profile-prod.xcconfig"; path = "Target Support Files/Pods-Runner/Pods-Runner.profile-prod.xcconfig"; sourceTree = "<group>"; };
		639C2FD1FB8C2B8BA0BC8FA2 /* Pods-LanternTests.profile.xcconfig */ = {isa = PBXFileReference; includeInIndex = 1; lastKnownFileType = text.xcconfig; name = "Pods-LanternTests.profile.xcconfig"; path = "Target Support Files/Pods-LanternTests/Pods-LanternTests.profile.xcconfig"; sourceTree = "<group>"; };
		74858FAD1ED2DC5600515810 /* Runner-Bridging-Header.h */ = {isa = PBXFileReference; lastKnownFileType = sourcecode.c.h; path = "Runner-Bridging-Header.h"; sourceTree = "<group>"; };
		74858FAE1ED2DC5600515810 /* AppDelegate.swift */ = {isa = PBXFileReference; fileEncoding = 4; lastKnownFileType = sourcecode.swift; path = AppDelegate.swift; sourceTree = "<group>"; };
		7AFA3C8E1D35360C0083082E /* Release.xcconfig */ = {isa = PBXFileReference; lastKnownFileType = text.xcconfig; name = Release.xcconfig; path = Flutter/Release.xcconfig; sourceTree = "<group>"; };
		7FD4483498CD189315299C90 /* Pods-LanternTests.debug-appium-test.xcconfig */ = {isa = PBXFileReference; includeInIndex = 1; lastKnownFileType = text.xcconfig; name = "Pods-LanternTests.debug-appium-test.xcconfig"; path = "Target Support Files/Pods-LanternTests/Pods-LanternTests.debug-appium-test.xcconfig"; sourceTree = "<group>"; };
		81DE944FD5152F594CC8D7B2 /* Pods-Runner.debug.xcconfig */ = {isa = PBXFileReference; includeInIndex = 1; lastKnownFileType = text.xcconfig; name = "Pods-Runner.debug.xcconfig"; path = "Target Support Files/Pods-Runner/Pods-Runner.debug.xcconfig"; sourceTree = "<group>"; };
		9402228550A9E720957DF6C9 /* Pods-Runner.debug-appiumtest.xcconfig */ = {isa = PBXFileReference; includeInIndex = 1; lastKnownFileType = text.xcconfig; name = "Pods-Runner.debug-appiumtest.xcconfig"; path = "Target Support Files/Pods-Runner/Pods-Runner.debug-appiumtest.xcconfig"; sourceTree = "<group>"; };
		9740EEB21CF90195004384FC /* Debug.xcconfig */ = {isa = PBXFileReference; fileEncoding = 4; lastKnownFileType = text.xcconfig; name = Debug.xcconfig; path = Flutter/Debug.xcconfig; sourceTree = "<group>"; };
		9740EEB31CF90195004384FC /* Generated.xcconfig */ = {isa = PBXFileReference; fileEncoding = 4; lastKnownFileType = text.xcconfig; name = Generated.xcconfig; path = Flutter/Generated.xcconfig; sourceTree = "<group>"; };
		9753BB60D225669C9C23CDCF /* Pods-LanternTests.profile-appium-test.xcconfig */ = {isa = PBXFileReference; includeInIndex = 1; lastKnownFileType = text.xcconfig; name = "Pods-LanternTests.profile-appium-test.xcconfig"; path = "Target Support Files/Pods-LanternTests/Pods-LanternTests.profile-appium-test.xcconfig"; sourceTree = "<group>"; };
		97C146EE1CF9000F007C117D /* Runner.app */ = {isa = PBXFileReference; explicitFileType = wrapper.application; includeInIndex = 0; path = Runner.app; sourceTree = BUILT_PRODUCTS_DIR; };
		97C146FB1CF9000F007C117D /* Base */ = {isa = PBXFileReference; lastKnownFileType = file.storyboard; name = Base; path = Base.lproj/Main.storyboard; sourceTree = "<group>"; };
		97C146FD1CF9000F007C117D /* Assets.xcassets */ = {isa = PBXFileReference; lastKnownFileType = folder.assetcatalog; path = Assets.xcassets; sourceTree = "<group>"; };
		97C147001CF9000F007C117D /* Base */ = {isa = PBXFileReference; lastKnownFileType = file.storyboard; name = Base; path = Base.lproj/LaunchScreen.storyboard; sourceTree = "<group>"; };
		97C147021CF9000F007C117D /* Info.plist */ = {isa = PBXFileReference; lastKnownFileType = text.plist.xml; path = Info.plist; sourceTree = "<group>"; };
		A1D1D08921025322CCFB6C84 /* Pods-Runner.debug-runner.xcconfig */ = {isa = PBXFileReference; includeInIndex = 1; lastKnownFileType = text.xcconfig; name = "Pods-Runner.debug-runner.xcconfig"; path = "Target Support Files/Pods-Runner/Pods-Runner.debug-runner.xcconfig"; sourceTree = "<group>"; };
		ACBF9AE98933CA5116DE99A0 /* Pods-Runner.profile-appium-test.xcconfig */ = {isa = PBXFileReference; includeInIndex = 1; lastKnownFileType = text.xcconfig; name = "Pods-Runner.profile-appium-test.xcconfig"; path = "Target Support Files/Pods-Runner/Pods-Runner.profile-appium-test.xcconfig"; sourceTree = "<group>"; };
		B46B369A5464387549F24A61 /* Pods-Runner.release-appium-test.xcconfig */ = {isa = PBXFileReference; includeInIndex = 1; lastKnownFileType = text.xcconfig; name = "Pods-Runner.release-appium-test.xcconfig"; path = "Target Support Files/Pods-Runner/Pods-Runner.release-appium-test.xcconfig"; sourceTree = "<group>"; };
		B58A42198AC0EFAE0D4E6746 /* Pods-LanternTests.debug-runner.xcconfig */ = {isa = PBXFileReference; includeInIndex = 1; lastKnownFileType = text.xcconfig; name = "Pods-LanternTests.debug-runner.xcconfig"; path = "Target Support Files/Pods-LanternTests/Pods-LanternTests.debug-runner.xcconfig"; sourceTree = "<group>"; };
		C349B34DF143131F23D50A82 /* Pods-Runner.release-prod.xcconfig */ = {isa = PBXFileReference; includeInIndex = 1; lastKnownFileType = text.xcconfig; name = "Pods-Runner.release-prod.xcconfig"; path = "Target Support Files/Pods-Runner/Pods-Runner.release-prod.xcconfig"; sourceTree = "<group>"; };
		CA815533D3563C2353745CE2 /* Pods-LanternTests.release.xcconfig */ = {isa = PBXFileReference; includeInIndex = 1; lastKnownFileType = text.xcconfig; name = "Pods-LanternTests.release.xcconfig"; path = "Target Support Files/Pods-LanternTests/Pods-LanternTests.release.xcconfig"; sourceTree = "<group>"; };
		CEB7F9B85A061FF5AAA50EA5 /* Pods-Runner.debug-runner-appium-test.xcconfig */ = {isa = PBXFileReference; includeInIndex = 1; lastKnownFileType = text.xcconfig; name = "Pods-Runner.debug-runner-appium-test.xcconfig"; path = "Target Support Files/Pods-Runner/Pods-Runner.debug-runner-appium-test.xcconfig"; sourceTree = "<group>"; };
		E33BD5976CBD307AC6B17F23 /* Pods-Runner.release.xcconfig */ = {isa = PBXFileReference; includeInIndex = 1; lastKnownFileType = text.xcconfig; name = "Pods-Runner.release.xcconfig"; path = "Target Support Files/Pods-Runner/Pods-Runner.release.xcconfig"; sourceTree = "<group>"; };
		EC27DE8E2AC44F4300B840F2 /* DBModule */ = {isa = PBXFileReference; lastKnownFileType = wrapper; name = DBModule; path = ../DBModule; sourceTree = "<group>"; };
		EC595B332ACCB69000A927E1 /* MessagingModel.swift */ = {isa = PBXFileReference; fileEncoding = 4; lastKnownFileType = sourcecode.swift; name = MessagingModel.swift; path = Models/MessagingModel.swift; sourceTree = "<group>"; };
		EC6155E62ACC8FF70015527E /* NavigationModel.swift */ = {isa = PBXFileReference; fileEncoding = 4; lastKnownFileType = sourcecode.swift; name = NavigationModel.swift; path = Models/NavigationModel.swift; sourceTree = "<group>"; };
		EC6155E72ACC8FF70015527E /* LanternModel.swift */ = {isa = PBXFileReference; fileEncoding = 4; lastKnownFileType = sourcecode.swift; name = LanternModel.swift; path = Models/LanternModel.swift; sourceTree = "<group>"; };
		ECCA8C642ABD16D20037BF9B /* LanternTests.xctest */ = {isa = PBXFileReference; explicitFileType = wrapper.cfbundle; includeInIndex = 0; path = LanternTests.xctest; sourceTree = BUILT_PRODUCTS_DIR; };
		ECCA8C662ABD16D20037BF9B /* LanternTests.swift */ = {isa = PBXFileReference; lastKnownFileType = sourcecode.swift; path = LanternTests.swift; sourceTree = "<group>"; };
		F013DC57CB643B0D1261542A /* Pods-Runner.profile-appiumtest.xcconfig */ = {isa = PBXFileReference; includeInIndex = 1; lastKnownFileType = text.xcconfig; name = "Pods-Runner.profile-appiumtest.xcconfig"; path = "Target Support Files/Pods-Runner/Pods-Runner.profile-appiumtest.xcconfig"; sourceTree = "<group>"; };
		F1A7E2E5A6E917B99BD6D831 /* Pods-Runner.release-appiumtest.xcconfig */ = {isa = PBXFileReference; includeInIndex = 1; lastKnownFileType = text.xcconfig; name = "Pods-Runner.release-appiumtest.xcconfig"; path = "Target Support Files/Pods-Runner/Pods-Runner.release-appiumtest.xcconfig"; sourceTree = "<group>"; };
/* End PBXFileReference section */

/* Begin PBXFrameworksBuildPhase section */
		03A1AB2D2AA890AB00FB41B2 /* Frameworks */ = {
			isa = PBXFrameworksBuildPhase;
			buildActionMask = 2147483647;
			files = (
				03A1AB322AA890AB00FB41B2 /* NetworkExtension.framework in Frameworks */,
			);
			runOnlyForDeploymentPostprocessing = 0;
		};
		97C146EB1CF9000F007C117D /* Frameworks */ = {
			isa = PBXFrameworksBuildPhase;
			buildActionMask = 2147483647;
			files = (
				ECA871BD2AC59104007C400D /* Pods_Runner.framework in Frameworks */,
				ECA871BF2AC59109007C400D /* NetworkExtension.framework in Frameworks */,
				EC27DE902AC44FAD00B840F2 /* DBModule in Frameworks */,
				EC22F6242AC44C8E0017D36C /* Internalsdk.xcframework in Frameworks */,
			);
			runOnlyForDeploymentPostprocessing = 0;
		};
		ECCA8C612ABD16D20037BF9B /* Frameworks */ = {
			isa = PBXFrameworksBuildPhase;
			buildActionMask = 2147483647;
			files = (
			);
			runOnlyForDeploymentPostprocessing = 0;
		};
/* End PBXFrameworksBuildPhase section */

/* Begin PBXGroup section */
		032A43562AA6F86A00EF442B /* Network */ = {
			isa = PBXGroup;
			children = (
				032A43572AA6F8AA00EF442B /* DnsDetector.swift */,
			);
			path = Network;
			sourceTree = "<group>";
		};
		033CBDCC2A94D86300DEBCBA /* Db */ = {
			isa = PBXGroup;
			children = (
				03802FA22A98C9B000DACDFC /* SubscriberRequest.swift */,
			);
			path = Db;
			sourceTree = "<group>";
		};
		03A1AB112AA88B8C00FB41B2 /* Core */ = {
			isa = PBXGroup;
			children = (
				033CBDCC2A94D86300DEBCBA /* Db */,
				032A43562AA6F86A00EF442B /* Network */,
				03A1AB402AA892F800FB41B2 /* Extension */,
				03A1AB122AA88BB400FB41B2 /* Vpn */,
			);
			path = Core;
			sourceTree = "<group>";
		};
		03A1AB122AA88BB400FB41B2 /* Vpn */ = {
			isa = PBXGroup;
			children = (
				0308A1272AAEED7E0086157A /* VpnHelper.swift */,
				0321C3F82AA9D8DF00D462C1 /* FlashlightManager.swift */,
				5FA8BFF02BFB34F80097D1B9 /* FlashlightManagerExtension.swift */,
				03A1AB152AA88BF200FB41B2 /* VPNBase.swift */,
				03A1AB132AA88BDA00FB41B2 /* VPNManager.swift */,
				0333203A2AC698FA00333DA9 /* MockVPNManager.swift */,
			);
			path = Vpn;
			sourceTree = "<group>";
		};
		03A1AB332AA890AB00FB41B2 /* Tunnel */ = {
			isa = PBXGroup;
			children = (
				03567DC52AA9F82F00A233EA /* UDPConn.swift */,
				03567DC22AA9F77000A233EA /* NEProviderStopReason.swift */,
				03A1AB342AA890AB00FB41B2 /* PacketTunnelProvider.swift */,
				03A1AB362AA890AB00FB41B2 /* Info.plist */,
				03A1AB372AA890AB00FB41B2 /* Tunnel.entitlements */,
				0332DD602BFF809C0007240D /* StatsTracker.swift */,
			);
			path = Tunnel;
			sourceTree = "<group>";
		};
		03A1AB402AA892F800FB41B2 /* Extension */ = {
			isa = PBXGroup;
			children = (
				03A1AB412AA8930A00FB41B2 /* Result.swift */,
			);
			path = Extension;
			sourceTree = "<group>";
		};
		03CD38182A693C050044B004 /* internalsdk */ = {
			isa = PBXGroup;
			children = (
				035FDDD42A6A547F007B15C8 /* Internalsdk.xcframework */,
			);
			path = internalsdk;
			sourceTree = "<group>";
		};
		03D789A42A616D25000D36F9 /* Lantern */ = {
			isa = PBXGroup;
			children = (
				03A1AB112AA88B8C00FB41B2 /* Core */,
				03F2FE322A6949C60082B34C /* Utils */,
				03EE344A2A652B3D00E37100 /* Models */,
			);
			path = Lantern;
			sourceTree = "<group>";
		};
		03EE344A2A652B3D00E37100 /* Models */ = {
			isa = PBXGroup;
			children = (
				EC595B332ACCB69000A927E1 /* MessagingModel.swift */,
				EC6155E72ACC8FF70015527E /* LanternModel.swift */,
				EC6155E62ACC8FF70015527E /* NavigationModel.swift */,
				035BE7042A7122BC0084059A /* SessionModel.swift */,
				03F4CD812A77E43C00F7BDD8 /* BaseModel.swift */,
				03FAF1B32AA1E9F40063580C /* VpnModel.swift */,
			);
			name = Models;
			sourceTree = "<group>";
		};
		03F2FE322A6949C60082B34C /* Utils */ = {
			isa = PBXGroup;
			children = (
				0308A12F2AAEF3AA0086157A /* Event.swift */,
				0308A12D2AAEEF410086157A /* Events.swift */,
				0308A12B2AAEEE2C0086157A /* UserNotificationsManager.swift */,
				0321C3F62AA9D84700D462C1 /* Process.swift */,
				03F2FE332A6949EF0082B34C /* Logger.swift */,
				036663D82A9E0C0E00595971 /* JsonUtils.swift */,
				03FAF1B12AA1C7940063580C /* RunningEnv.swift */,
				03A1AB432AA8946400FB41B2 /* Constants.swift */,
				03567DBF2AA9F47200A233EA /* FileUtils.swift */,
				03F00B5E2AB07C8000E991E2 /* LoadingIndicatorManager.swift */,
				0324CC2F2AE279CF00490B46 /* SentryUtils.swift */,
			);
			path = Utils;
			sourceTree = "<group>";
		};
		9740EEB11CF90186004384FC /* Flutter */ = {
			isa = PBXGroup;
			children = (
				3B3967151E833CAA004F5970 /* AppFrameworkInfo.plist */,
				9740EEB21CF90195004384FC /* Debug.xcconfig */,
				7AFA3C8E1D35360C0083082E /* Release.xcconfig */,
				9740EEB31CF90195004384FC /* Generated.xcconfig */,
			);
			name = Flutter;
			sourceTree = "<group>";
		};
		97C146E51CF9000F007C117D = {
			isa = PBXGroup;
			children = (
				EC22F61E2AC44B000017D36C /* Packages */,
				03CD38182A693C050044B004 /* internalsdk */,
				9740EEB11CF90186004384FC /* Flutter */,
				97C146F01CF9000F007C117D /* Runner */,
				03A1AB332AA890AB00FB41B2 /* Tunnel */,
				ECCA8C652ABD16D20037BF9B /* LanternTests */,
				97C146EF1CF9000F007C117D /* Products */,
				BD7D6E2034FFCA3D48D162CE /* Pods */,
				FF47084EFEAB686FD7974BE4 /* Frameworks */,
			);
			sourceTree = "<group>";
		};
		97C146EF1CF9000F007C117D /* Products */ = {
			isa = PBXGroup;
			children = (
				97C146EE1CF9000F007C117D /* Runner.app */,
				03A1AB302AA890AB00FB41B2 /* Tunnel.appex */,
				ECCA8C642ABD16D20037BF9B /* LanternTests.xctest */,
			);
			name = Products;
			sourceTree = "<group>";
		};
		97C146F01CF9000F007C117D /* Runner */ = {
			isa = PBXGroup;
			children = (
				03A1AB102AA8893900FB41B2 /* Runner.entitlements */,
				03D789A42A616D25000D36F9 /* Lantern */,
				97C146FA1CF9000F007C117D /* Main.storyboard */,
				97C146FD1CF9000F007C117D /* Assets.xcassets */,
				97C146FF1CF9000F007C117D /* LaunchScreen.storyboard */,
				97C147021CF9000F007C117D /* Info.plist */,
				1498D2321E8E86230040F4C2 /* GeneratedPluginRegistrant.h */,
				1498D2331E8E89220040F4C2 /* GeneratedPluginRegistrant.m */,
				74858FAE1ED2DC5600515810 /* AppDelegate.swift */,
				74858FAD1ED2DC5600515810 /* Runner-Bridging-Header.h */,
			);
			path = Runner;
			sourceTree = "<group>";
		};
		BD7D6E2034FFCA3D48D162CE /* Pods */ = {
			isa = PBXGroup;
			children = (
				81DE944FD5152F594CC8D7B2 /* Pods-Runner.debug.xcconfig */,
				E33BD5976CBD307AC6B17F23 /* Pods-Runner.release.xcconfig */,
				04AF578F28344E5CF0932AA9 /* Pods-Runner.profile.xcconfig */,
				2F26DCD30807EDF6F82D2EED /* Pods-LanternTests.debug.xcconfig */,
				CA815533D3563C2353745CE2 /* Pods-LanternTests.release.xcconfig */,
				639C2FD1FB8C2B8BA0BC8FA2 /* Pods-LanternTests.profile.xcconfig */,
				B58A42198AC0EFAE0D4E6746 /* Pods-LanternTests.debug-runner.xcconfig */,
				A1D1D08921025322CCFB6C84 /* Pods-Runner.debug-runner.xcconfig */,
				7FD4483498CD189315299C90 /* Pods-LanternTests.debug-appium-test.xcconfig */,
				41DDE2A6029CFDB93A269403 /* Pods-LanternTests.debug-runner-appium-test.xcconfig */,
				038EBA8F187F39DA9C6ED912 /* Pods-LanternTests.release-appium-test.xcconfig */,
				9753BB60D225669C9C23CDCF /* Pods-LanternTests.profile-appium-test.xcconfig */,
				40CA215A5360960236859E29 /* Pods-Runner.debug-prod.xcconfig */,
				4C199F107C36A050FA0BD82A /* Pods-Runner.debug-appium-test.xcconfig */,
				08C16C9B08A0213C1ED50CB9 /* Pods-Runner.debug-runner-prod.xcconfig */,
				CEB7F9B85A061FF5AAA50EA5 /* Pods-Runner.debug-runner-appium-test.xcconfig */,
				C349B34DF143131F23D50A82 /* Pods-Runner.release-prod.xcconfig */,
				B46B369A5464387549F24A61 /* Pods-Runner.release-appium-test.xcconfig */,
				607A0530FA4F0B857B847CC5 /* Pods-Runner.profile-prod.xcconfig */,
				ACBF9AE98933CA5116DE99A0 /* Pods-Runner.profile-appium-test.xcconfig */,
				9402228550A9E720957DF6C9 /* Pods-Runner.debug-appiumtest.xcconfig */,
				396FEB6CBABC81283ED3D57B /* Pods-Runner.debug-runner-appiumtest.xcconfig */,
				F1A7E2E5A6E917B99BD6D831 /* Pods-Runner.release-appiumtest.xcconfig */,
				F013DC57CB643B0D1261542A /* Pods-Runner.profile-appiumtest.xcconfig */,
			);
			path = Pods;
			sourceTree = "<group>";
		};
		EC22F61E2AC44B000017D36C /* Packages */ = {
			isa = PBXGroup;
			children = (
				EC27DE8E2AC44F4300B840F2 /* DBModule */,
			);
			name = Packages;
			sourceTree = "<group>";
		};
		ECCA8C652ABD16D20037BF9B /* LanternTests */ = {
			isa = PBXGroup;
			children = (
				ECCA8C662ABD16D20037BF9B /* LanternTests.swift */,
			);
			path = LanternTests;
			sourceTree = "<group>";
		};
		FF47084EFEAB686FD7974BE4 /* Frameworks */ = {
			isa = PBXGroup;
			children = (
				0315F55C2AC1C1A500D49F7B /* DatabaseFramework.framework */,
				03D97B1B2AC1900E0092BFC2 /* Pods_DatabaseFramework.framework */,
				03C58B082AC18BE7003C9788 /* DatabaseFramework.framework */,
				351BB463FD77FC724A8E233C /* Pods_Runner.framework */,
				03A1AB312AA890AB00FB41B2 /* NetworkExtension.framework */,
			);
			name = Frameworks;
			sourceTree = "<group>";
		};
/* End PBXGroup section */

/* Begin PBXHeadersBuildPhase section */
		0321C3FA2AA9DC3400D462C1 /* Headers */ = {
			isa = PBXHeadersBuildPhase;
			buildActionMask = 2147483647;
			files = (
			);
			runOnlyForDeploymentPostprocessing = 0;
		};
/* End PBXHeadersBuildPhase section */

/* Begin PBXNativeTarget section */
		03A1AB2F2AA890AB00FB41B2 /* Tunnel */ = {
			isa = PBXNativeTarget;
			buildConfigurationList = 03A1AB3B2AA890AB00FB41B2 /* Build configuration list for PBXNativeTarget "Tunnel" */;
			buildPhases = (
				03A1AB2C2AA890AB00FB41B2 /* Sources */,
				03A1AB2D2AA890AB00FB41B2 /* Frameworks */,
				03A1AB2E2AA890AB00FB41B2 /* Resources */,
			);
			buildRules = (
			);
			dependencies = (
			);
			name = Tunnel;
			productName = Tunnel;
			productReference = 03A1AB302AA890AB00FB41B2 /* Tunnel.appex */;
			productType = "com.apple.product-type.app-extension";
		};
		97C146ED1CF9000F007C117D /* Runner */ = {
			isa = PBXNativeTarget;
			buildConfigurationList = 97C147051CF9000F007C117D /* Build configuration list for PBXNativeTarget "Runner" */;
			buildPhases = (
				46164C762D3E5DACEA5EB7F0 /* [CP] Check Pods Manifest.lock */,
				9740EEB61CF901F6004384FC /* Run Script */,
				0321C3FA2AA9DC3400D462C1 /* Headers */,
				97C146EA1CF9000F007C117D /* Sources */,
				97C146EB1CF9000F007C117D /* Frameworks */,
				97C146EC1CF9000F007C117D /* Resources */,
				03A1AB3F2AA890AB00FB41B2 /* Embed Foundation Extensions */,
				3B06AD1E1E4923F5004D2608 /* Thin Binary */,
				8CFC94838D10599DD335E9EC /* [CP] Copy Pods Resources */,
				03ACAAB62AC5B7ED00D74DD4 /* ShellScript */,
			);
			buildRules = (
			);
			dependencies = (
				03A1AB392AA890AB00FB41B2 /* PBXTargetDependency */,
			);
			name = Runner;
			packageProductDependencies = (
				EC27DE8F2AC44FAD00B840F2 /* DBModule */,
			);
			productName = Runner;
			productReference = 97C146EE1CF9000F007C117D /* Runner.app */;
			productType = "com.apple.product-type.application";
		};
		ECCA8C632ABD16D20037BF9B /* LanternTests */ = {
			isa = PBXNativeTarget;
			buildConfigurationList = ECCA8C6D2ABD16D20037BF9B /* Build configuration list for PBXNativeTarget "LanternTests" */;
			buildPhases = (
				ECCA8C602ABD16D20037BF9B /* Sources */,
				ECCA8C612ABD16D20037BF9B /* Frameworks */,
				ECCA8C622ABD16D20037BF9B /* Resources */,
			);
			buildRules = (
			);
			dependencies = (
				ECCA8C692ABD16D20037BF9B /* PBXTargetDependency */,
			);
			name = LanternTests;
			productName = LanternTests;
			productReference = ECCA8C642ABD16D20037BF9B /* LanternTests.xctest */;
			productType = "com.apple.product-type.bundle.unit-test";
		};
/* End PBXNativeTarget section */

/* Begin PBXProject section */
		97C146E61CF9000F007C117D /* Project object */ = {
			isa = PBXProject;
			attributes = {
				LastSwiftUpdateCheck = 1430;
				LastUpgradeCheck = 1510;
				ORGANIZATIONNAME = "";
				TargetAttributes = {
					03A1AB2F2AA890AB00FB41B2 = {
						CreatedOnToolsVersion = 14.3.1;
					};
					97C146ED1CF9000F007C117D = {
						CreatedOnToolsVersion = 7.3.1;
						LastSwiftMigration = 1100;
					};
					ECCA8C632ABD16D20037BF9B = {
						CreatedOnToolsVersion = 14.3.1;
						TestTargetID = 97C146ED1CF9000F007C117D;
					};
				};
			};
			buildConfigurationList = 97C146E91CF9000F007C117D /* Build configuration list for PBXProject "Runner" */;
			compatibilityVersion = "Xcode 9.3";
			developmentRegion = en;
			hasScannedForEncodings = 0;
			knownRegions = (
				en,
				Base,
			);
			mainGroup = 97C146E51CF9000F007C117D;
			productRefGroup = 97C146EF1CF9000F007C117D /* Products */;
			projectDirPath = "";
			projectRoot = "";
			targets = (
				97C146ED1CF9000F007C117D /* Runner */,
				03A1AB2F2AA890AB00FB41B2 /* Tunnel */,
				ECCA8C632ABD16D20037BF9B /* LanternTests */,
			);
		};
/* End PBXProject section */

/* Begin PBXResourcesBuildPhase section */
		03A1AB2E2AA890AB00FB41B2 /* Resources */ = {
			isa = PBXResourcesBuildPhase;
			buildActionMask = 2147483647;
			files = (
			);
			runOnlyForDeploymentPostprocessing = 0;
		};
		97C146EC1CF9000F007C117D /* Resources */ = {
			isa = PBXResourcesBuildPhase;
			buildActionMask = 2147483647;
			files = (
				97C147011CF9000F007C117D /* LaunchScreen.storyboard in Resources */,
				3B3967161E833CAA004F5970 /* AppFrameworkInfo.plist in Resources */,
				97C146FE1CF9000F007C117D /* Assets.xcassets in Resources */,
				97C146FC1CF9000F007C117D /* Main.storyboard in Resources */,
			);
			runOnlyForDeploymentPostprocessing = 0;
		};
		ECCA8C622ABD16D20037BF9B /* Resources */ = {
			isa = PBXResourcesBuildPhase;
			buildActionMask = 2147483647;
			files = (
			);
			runOnlyForDeploymentPostprocessing = 0;
		};
/* End PBXResourcesBuildPhase section */

/* Begin PBXShellScriptBuildPhase section */
		03ACAAB62AC5B7ED00D74DD4 /* ShellScript */ = {
			isa = PBXShellScriptBuildPhase;
			buildActionMask = 2147483647;
			files = (
			);
			inputFileListPaths = (
			);
			inputPaths = (
			);
			outputFileListPaths = (
			);
			outputPaths = (
			);
			runOnlyForDeploymentPostprocessing = 0;
			shellPath = /bin/sh;
			shellScript = "if [[ \"$(uname -m)\" == arm64 ]]; then\n    export PATH=\"/opt/homebrew/bin:$PATH\"\nfi\n\nif which swiftlint > /dev/null; then\n  swiftlint\nelse\n  echo \"warning: SwiftLint not installed, download from https://github.com/realm/SwiftLint\"\nfi\n";
		};
		3B06AD1E1E4923F5004D2608 /* Thin Binary */ = {
			isa = PBXShellScriptBuildPhase;
			alwaysOutOfDate = 1;
			buildActionMask = 2147483647;
			files = (
			);
			inputPaths = (
				"${TARGET_BUILD_DIR}/${INFOPLIST_PATH}",
			);
			name = "Thin Binary";
			outputPaths = (
			);
			runOnlyForDeploymentPostprocessing = 0;
			shellPath = /bin/sh;
			shellScript = "/bin/sh \"$FLUTTER_ROOT/packages/flutter_tools/bin/xcode_backend.sh\" embed_and_thin";
		};
		46164C762D3E5DACEA5EB7F0 /* [CP] Check Pods Manifest.lock */ = {
			isa = PBXShellScriptBuildPhase;
			buildActionMask = 2147483647;
			files = (
			);
			inputFileListPaths = (
			);
			inputPaths = (
				"${PODS_PODFILE_DIR_PATH}/Podfile.lock",
				"${PODS_ROOT}/Manifest.lock",
			);
			name = "[CP] Check Pods Manifest.lock";
			outputFileListPaths = (
			);
			outputPaths = (
				"$(DERIVED_FILE_DIR)/Pods-Runner-checkManifestLockResult.txt",
			);
			runOnlyForDeploymentPostprocessing = 0;
			shellPath = /bin/sh;
			shellScript = "diff \"${PODS_PODFILE_DIR_PATH}/Podfile.lock\" \"${PODS_ROOT}/Manifest.lock\" > /dev/null\nif [ $? != 0 ] ; then\n    # print error to STDERR\n    echo \"error: The sandbox is not in sync with the Podfile.lock. Run 'pod install' or update your CocoaPods installation.\" >&2\n    exit 1\nfi\n# This output is used by Xcode 'outputs' to avoid re-running this script phase.\necho \"SUCCESS\" > \"${SCRIPT_OUTPUT_FILE_0}\"\n";
			showEnvVarsInLog = 0;
		};
		8CFC94838D10599DD335E9EC /* [CP] Copy Pods Resources */ = {
			isa = PBXShellScriptBuildPhase;
			buildActionMask = 2147483647;
			files = (
			);
			inputFileListPaths = (
				"${PODS_ROOT}/Target Support Files/Pods-Runner/Pods-Runner-resources-${CONFIGURATION}-input-files.xcfilelist",
			);
			name = "[CP] Copy Pods Resources";
			outputFileListPaths = (
				"${PODS_ROOT}/Target Support Files/Pods-Runner/Pods-Runner-resources-${CONFIGURATION}-output-files.xcfilelist",
			);
			runOnlyForDeploymentPostprocessing = 0;
			shellPath = /bin/sh;
			shellScript = "\"${PODS_ROOT}/Target Support Files/Pods-Runner/Pods-Runner-resources.sh\"\n";
			showEnvVarsInLog = 0;
		};
		9740EEB61CF901F6004384FC /* Run Script */ = {
			isa = PBXShellScriptBuildPhase;
			alwaysOutOfDate = 1;
			buildActionMask = 2147483647;
			files = (
			);
			inputPaths = (
			);
			name = "Run Script";
			outputPaths = (
			);
			runOnlyForDeploymentPostprocessing = 0;
			shellPath = /bin/sh;
			shellScript = "/bin/sh \"$FLUTTER_ROOT/packages/flutter_tools/bin/xcode_backend.sh\" build\n";
		};
/* End PBXShellScriptBuildPhase section */

/* Begin PBXSourcesBuildPhase section */
		03A1AB2C2AA890AB00FB41B2 /* Sources */ = {
			isa = PBXSourcesBuildPhase;
			buildActionMask = 2147483647;
			files = (
				03567DBE2AA9F31200A233EA /* Logger.swift in Sources */,
				0308A13E2AAF43A10086157A /* UserNotificationsManager.swift in Sources */,
				0308A1312AAEF3B00086157A /* Event.swift in Sources */,
				0332DD612BFF809C0007240D /* StatsTracker.swift in Sources */,
				03A1AB352AA890AB00FB41B2 /* PacketTunnelProvider.swift in Sources */,
				03567DBB2AA9F15100A233EA /* Constants.swift in Sources */,
				03567DC12AA9F47200A233EA /* FileUtils.swift in Sources */,
				03567DBC2AA9F18D00A233EA /* Process.swift in Sources */,
				0308A1392AAEF8DE0086157A /* FlashlightManager.swift in Sources */,
				03567DC42AA9F77000A233EA /* NEProviderStopReason.swift in Sources */,
				03567DC62AA9F82F00A233EA /* UDPConn.swift in Sources */,
			);
			runOnlyForDeploymentPostprocessing = 0;
		};
		97C146EA1CF9000F007C117D /* Sources */ = {
			isa = PBXSourcesBuildPhase;
			buildActionMask = 2147483647;
			files = (
				032A43582AA6F8AA00EF442B /* DnsDetector.swift in Sources */,
				03A1AB442AA8946400FB41B2 /* Constants.swift in Sources */,
				03FAF1B22AA1C7940063580C /* RunningEnv.swift in Sources */,
				0308A1342AAEF5130086157A /* VPNBase.swift in Sources */,
				03F2FE342A6949EF0082B34C /* Logger.swift in Sources */,
				0308A12E2AAEEF410086157A /* Events.swift in Sources */,
				0333203B2AC698FA00333DA9 /* MockVPNManager.swift in Sources */,
				0308A12C2AAEEE2C0086157A /* UserNotificationsManager.swift in Sources */,
				03FAF1B42AA1E9F40063580C /* VpnModel.swift in Sources */,
				03F4CD822A77E43C00F7BDD8 /* BaseModel.swift in Sources */,
				0321C3F92AA9D8DF00D462C1 /* FlashlightManager.swift in Sources */,
				035BE7062A7122BC0084059A /* SessionModel.swift in Sources */,
				EC595B342ACCB69000A927E1 /* MessagingModel.swift in Sources */,
				EC6155EA2ACC8FF70015527E /* LanternModel.swift in Sources */,
				036663D92A9E0C0E00595971 /* JsonUtils.swift in Sources */,
				0308A1302AAEF3AA0086157A /* Event.swift in Sources */,
				74858FAF1ED2DC5600515810 /* AppDelegate.swift in Sources */,
				03A1AB142AA88BDA00FB41B2 /* VPNManager.swift in Sources */,
				03567DC02AA9F47200A233EA /* FileUtils.swift in Sources */,
				03802FA32A98C9B000DACDFC /* SubscriberRequest.swift in Sources */,
				03A1AB422AA8930A00FB41B2 /* Result.swift in Sources */,
				0324CC302AE279CF00490B46 /* SentryUtils.swift in Sources */,
				5FA8BFF12BFB34F80097D1B9 /* FlashlightManagerExtension.swift in Sources */,
				0308A1282AAEED7E0086157A /* VpnHelper.swift in Sources */,
				03F00B5F2AB07C8000E991E2 /* LoadingIndicatorManager.swift in Sources */,
				EC6155E92ACC8FF70015527E /* NavigationModel.swift in Sources */,
				1498D2341E8E89220040F4C2 /* GeneratedPluginRegistrant.m in Sources */,
				0321C3F72AA9D84700D462C1 /* Process.swift in Sources */,
			);
			runOnlyForDeploymentPostprocessing = 0;
		};
		ECCA8C602ABD16D20037BF9B /* Sources */ = {
			isa = PBXSourcesBuildPhase;
			buildActionMask = 2147483647;
			files = (
				ECCA8C672ABD16D20037BF9B /* LanternTests.swift in Sources */,
			);
			runOnlyForDeploymentPostprocessing = 0;
		};
/* End PBXSourcesBuildPhase section */

/* Begin PBXTargetDependency section */
		03A1AB392AA890AB00FB41B2 /* PBXTargetDependency */ = {
			isa = PBXTargetDependency;
			target = 03A1AB2F2AA890AB00FB41B2 /* Tunnel */;
			targetProxy = 03A1AB382AA890AB00FB41B2 /* PBXContainerItemProxy */;
		};
		ECCA8C692ABD16D20037BF9B /* PBXTargetDependency */ = {
			isa = PBXTargetDependency;
			target = 97C146ED1CF9000F007C117D /* Runner */;
			targetProxy = ECCA8C682ABD16D20037BF9B /* PBXContainerItemProxy */;
		};
/* End PBXTargetDependency section */

/* Begin PBXVariantGroup section */
		97C146FA1CF9000F007C117D /* Main.storyboard */ = {
			isa = PBXVariantGroup;
			children = (
				97C146FB1CF9000F007C117D /* Base */,
			);
			name = Main.storyboard;
			sourceTree = "<group>";
		};
		97C146FF1CF9000F007C117D /* LaunchScreen.storyboard */ = {
			isa = PBXVariantGroup;
			children = (
				97C147001CF9000F007C117D /* Base */,
			);
			name = LaunchScreen.storyboard;
			sourceTree = "<group>";
		};
/* End PBXVariantGroup section */

/* Begin XCBuildConfiguration section */
		0390FE992AD533C100D2818A /* Debug-appiumTest */ = {
			isa = XCBuildConfiguration;
			buildSettings = {
				ALWAYS_SEARCH_USER_PATHS = NO;
				CLANG_ANALYZER_NONNULL = YES;
				CLANG_CXX_LANGUAGE_STANDARD = "gnu++0x";
				CLANG_CXX_LIBRARY = "libc++";
				CLANG_ENABLE_MODULES = YES;
				CLANG_ENABLE_OBJC_ARC = YES;
				CLANG_WARN_BLOCK_CAPTURE_AUTORELEASING = YES;
				CLANG_WARN_BOOL_CONVERSION = YES;
				CLANG_WARN_COMMA = YES;
				CLANG_WARN_CONSTANT_CONVERSION = YES;
				CLANG_WARN_DEPRECATED_OBJC_IMPLEMENTATIONS = YES;
				CLANG_WARN_DIRECT_OBJC_ISA_USAGE = YES_ERROR;
				CLANG_WARN_EMPTY_BODY = YES;
				CLANG_WARN_ENUM_CONVERSION = YES;
				CLANG_WARN_INFINITE_RECURSION = YES;
				CLANG_WARN_INT_CONVERSION = YES;
				CLANG_WARN_NON_LITERAL_NULL_CONVERSION = YES;
				CLANG_WARN_OBJC_IMPLICIT_RETAIN_SELF = YES;
				CLANG_WARN_OBJC_LITERAL_CONVERSION = YES;
				CLANG_WARN_OBJC_ROOT_CLASS = YES_ERROR;
				CLANG_WARN_RANGE_LOOP_ANALYSIS = YES;
				CLANG_WARN_STRICT_PROTOTYPES = YES;
				CLANG_WARN_SUSPICIOUS_MOVE = YES;
				CLANG_WARN_UNREACHABLE_CODE = YES;
				CLANG_WARN__DUPLICATE_METHOD_MATCH = YES;
				"CODE_SIGN_IDENTITY[sdk=iphoneos*]" = "iPhone Developer";
				COPY_PHASE_STRIP = NO;
				CURRENT_SCHEME_NAME = appiumTest;
				DEBUG_INFORMATION_FORMAT = dwarf;
				ENABLE_STRICT_OBJC_MSGSEND = YES;
				ENABLE_TESTABILITY = YES;
				GCC_C_LANGUAGE_STANDARD = gnu99;
				GCC_DYNAMIC_NO_PIC = NO;
				GCC_NO_COMMON_BLOCKS = YES;
				GCC_OPTIMIZATION_LEVEL = 0;
				GCC_PREPROCESSOR_DEFINITIONS = (
					"DEBUG=1",
					"$(inherited)",
				);
				GCC_WARN_64_TO_32_BIT_CONVERSION = YES;
				GCC_WARN_ABOUT_RETURN_TYPE = YES_ERROR;
				GCC_WARN_UNDECLARED_SELECTOR = YES;
				GCC_WARN_UNINITIALIZED_AUTOS = YES_AGGRESSIVE;
				GCC_WARN_UNUSED_FUNCTION = YES;
				GCC_WARN_UNUSED_VARIABLE = YES;
				IPHONEOS_DEPLOYMENT_TARGET = 15.0;
				MTL_ENABLE_DEBUG_INFO = YES;
				ONLY_ACTIVE_ARCH = YES;
				SDKROOT = iphoneos;
				TARGETED_DEVICE_FAMILY = "1,2";
			};
			name = "Debug-appiumTest";
		};
		0390FE9A2AD533C100D2818A /* Debug-appiumTest */ = {
			isa = XCBuildConfiguration;
			baseConfigurationReference = 9740EEB21CF90195004384FC /* Debug.xcconfig */;
			buildSettings = {
				ALWAYS_EMBED_SWIFT_STANDARD_LIBRARIES = YES;
				ASSETCATALOG_COMPILER_APPICON_NAME = AppIcon;
				CLANG_ENABLE_MODULES = YES;
				CODE_SIGN_ENTITLEMENTS = Runner/Runner.entitlements;
				CURRENT_PROJECT_VERSION = 12;
				DEVELOPMENT_TEAM = 4FYC28AXA2;
				ENABLE_BITCODE = NO;
				FRAMEWORK_SEARCH_PATHS = (
					"$(inherited)",
					"$(PROJECT_DIR)/InternalFrameworks",
				);
				INFOPLIST_FILE = Runner/Info.plist;
				INFOPLIST_KEY_CFBundleDisplayName = Lantern;
				IPHONEOS_DEPLOYMENT_TARGET = 15.0;
				LD_RUNPATH_SEARCH_PATHS = (
					"$(inherited)",
					"@executable_path/Frameworks",
				);
				LINK_WITH_STANDARD_LIBRARIES = YES;
				MARKETING_VERSION = 7.5.0;
				PRODUCT_BUNDLE_IDENTIFIER = org.getlantern.lantern;
				PRODUCT_NAME = "$(TARGET_NAME)";
				SWIFT_OBJC_BRIDGING_HEADER = "Runner/Runner-Bridging-Header.h";
				SWIFT_OPTIMIZATION_LEVEL = "-Onone";
				SWIFT_VERSION = 5.0;
				VERSIONING_SYSTEM = "apple-generic";
			};
			name = "Debug-appiumTest";
		};
		0390FE9B2AD533C100D2818A /* Debug-appiumTest */ = {
			isa = XCBuildConfiguration;
			buildSettings = {
				CLANG_ANALYZER_NUMBER_OBJECT_CONVERSION = YES_AGGRESSIVE;
				CLANG_CXX_LANGUAGE_STANDARD = "gnu++20";
				CLANG_ENABLE_OBJC_WEAK = YES;
				CLANG_WARN_DOCUMENTATION_COMMENTS = YES;
				CLANG_WARN_QUOTED_INCLUDE_IN_FRAMEWORK_HEADER = YES;
				CLANG_WARN_UNGUARDED_AVAILABILITY = YES_AGGRESSIVE;
				CODE_SIGN_ENTITLEMENTS = Tunnel/Tunnel.entitlements;
				CODE_SIGN_STYLE = Automatic;
				CURRENT_PROJECT_VERSION = 1;
				DEVELOPMENT_TEAM = 4FYC28AXA2;
				GCC_C_LANGUAGE_STANDARD = gnu11;
				GENERATE_INFOPLIST_FILE = YES;
				INFOPLIST_FILE = Tunnel/Info.plist;
				INFOPLIST_KEY_CFBundleDisplayName = Tunnel;
				INFOPLIST_KEY_NSHumanReadableCopyright = "";
				IPHONEOS_DEPLOYMENT_TARGET = 12.0;
				LD_RUNPATH_SEARCH_PATHS = (
					"$(inherited)",
					"@executable_path/Frameworks",
					"@executable_path/../../Frameworks",
				);
				MARKETING_VERSION = 1.0;
				MTL_ENABLE_DEBUG_INFO = INCLUDE_SOURCE;
				MTL_FAST_MATH = YES;
				OTHER_LDFLAGS = "-lc++";
				PRODUCT_BUNDLE_IDENTIFIER = org.getlantern.lantern.Tunnel;
				PRODUCT_NAME = "$(TARGET_NAME)";
				SKIP_INSTALL = YES;
				SWIFT_ACTIVE_COMPILATION_CONDITIONS = DEBUG;
				SWIFT_EMIT_LOC_STRINGS = YES;
				SWIFT_OPTIMIZATION_LEVEL = "-Onone";
				SWIFT_VERSION = 5.0;
				TARGETED_DEVICE_FAMILY = "1,2";
			};
			name = "Debug-appiumTest";
		};
		0390FE9C2AD533C100D2818A /* Debug-appiumTest */ = {
			isa = XCBuildConfiguration;
			buildSettings = {
				BUNDLE_LOADER = "$(TEST_HOST)";
				CLANG_ANALYZER_NUMBER_OBJECT_CONVERSION = YES_AGGRESSIVE;
				CLANG_CXX_LANGUAGE_STANDARD = "gnu++20";
				CLANG_ENABLE_OBJC_WEAK = YES;
				CLANG_WARN_DOCUMENTATION_COMMENTS = YES;
				CLANG_WARN_QUOTED_INCLUDE_IN_FRAMEWORK_HEADER = YES;
				CLANG_WARN_UNGUARDED_AVAILABILITY = YES_AGGRESSIVE;
				CODE_SIGN_STYLE = Automatic;
				CURRENT_PROJECT_VERSION = 1;
				DEVELOPMENT_TEAM = 4FYC28AXA2;
				GCC_C_LANGUAGE_STANDARD = gnu11;
				GENERATE_INFOPLIST_FILE = YES;
				IPHONEOS_DEPLOYMENT_TARGET = 16.4;
				MACOSX_DEPLOYMENT_TARGET = 13.3;
				MARKETING_VERSION = 1.0;
				MTL_ENABLE_DEBUG_INFO = INCLUDE_SOURCE;
				MTL_FAST_MATH = YES;
				PRODUCT_BUNDLE_IDENTIFIER = org.getlantern.lantern.LanternTests;
				PRODUCT_NAME = "$(TARGET_NAME)";
				SDKROOT = auto;
				SUPPORTED_PLATFORMS = "iphoneos iphonesimulator macosx";
				SWIFT_ACTIVE_COMPILATION_CONDITIONS = DEBUG;
				SWIFT_EMIT_LOC_STRINGS = NO;
				SWIFT_OPTIMIZATION_LEVEL = "-Onone";
				SWIFT_VERSION = 5.0;
				TARGETED_DEVICE_FAMILY = "1,2";
				TEST_HOST = "$(BUILT_PRODUCTS_DIR)/Runner.app/$(BUNDLE_EXECUTABLE_FOLDER_PATH)/Runner";
			};
			name = "Debug-appiumTest";
		};
		0390FE9D2AD533CF00D2818A /* Release-appiumTest */ = {
			isa = XCBuildConfiguration;
			buildSettings = {
				ALWAYS_SEARCH_USER_PATHS = NO;
				CLANG_ANALYZER_NONNULL = YES;
				CLANG_CXX_LANGUAGE_STANDARD = "gnu++0x";
				CLANG_CXX_LIBRARY = "libc++";
				CLANG_ENABLE_MODULES = YES;
				CLANG_ENABLE_OBJC_ARC = YES;
				CLANG_WARN_BLOCK_CAPTURE_AUTORELEASING = YES;
				CLANG_WARN_BOOL_CONVERSION = YES;
				CLANG_WARN_COMMA = YES;
				CLANG_WARN_CONSTANT_CONVERSION = YES;
				CLANG_WARN_DEPRECATED_OBJC_IMPLEMENTATIONS = YES;
				CLANG_WARN_DIRECT_OBJC_ISA_USAGE = YES_ERROR;
				CLANG_WARN_EMPTY_BODY = YES;
				CLANG_WARN_ENUM_CONVERSION = YES;
				CLANG_WARN_INFINITE_RECURSION = YES;
				CLANG_WARN_INT_CONVERSION = YES;
				CLANG_WARN_NON_LITERAL_NULL_CONVERSION = YES;
				CLANG_WARN_OBJC_IMPLICIT_RETAIN_SELF = YES;
				CLANG_WARN_OBJC_LITERAL_CONVERSION = YES;
				CLANG_WARN_OBJC_ROOT_CLASS = YES_ERROR;
				CLANG_WARN_RANGE_LOOP_ANALYSIS = YES;
				CLANG_WARN_STRICT_PROTOTYPES = YES;
				CLANG_WARN_SUSPICIOUS_MOVE = YES;
				CLANG_WARN_UNREACHABLE_CODE = YES;
				CLANG_WARN__DUPLICATE_METHOD_MATCH = YES;
				"CODE_SIGN_IDENTITY[sdk=iphoneos*]" = "iPhone Developer";
				COPY_PHASE_STRIP = NO;
				CURRENT_SCHEME_NAME = appiumTest;
				DEBUG_INFORMATION_FORMAT = "dwarf-with-dsym";
				ENABLE_NS_ASSERTIONS = NO;
				ENABLE_STRICT_OBJC_MSGSEND = YES;
				GCC_C_LANGUAGE_STANDARD = gnu99;
				GCC_NO_COMMON_BLOCKS = YES;
				GCC_WARN_64_TO_32_BIT_CONVERSION = YES;
				GCC_WARN_ABOUT_RETURN_TYPE = YES_ERROR;
				GCC_WARN_UNDECLARED_SELECTOR = YES;
				GCC_WARN_UNINITIALIZED_AUTOS = YES_AGGRESSIVE;
				GCC_WARN_UNUSED_FUNCTION = YES;
				GCC_WARN_UNUSED_VARIABLE = YES;
				IPHONEOS_DEPLOYMENT_TARGET = 15.0;
				MTL_ENABLE_DEBUG_INFO = NO;
				SDKROOT = iphoneos;
				SUPPORTED_PLATFORMS = iphoneos;
				SWIFT_OPTIMIZATION_LEVEL = "-Owholemodule";
				TARGETED_DEVICE_FAMILY = "1,2";
				VALIDATE_PRODUCT = YES;
			};
			name = "Release-appiumTest";
		};
		0390FE9E2AD533CF00D2818A /* Release-appiumTest */ = {
			isa = XCBuildConfiguration;
			baseConfigurationReference = 7AFA3C8E1D35360C0083082E /* Release.xcconfig */;
			buildSettings = {
				ALWAYS_EMBED_SWIFT_STANDARD_LIBRARIES = YES;
				ASSETCATALOG_COMPILER_APPICON_NAME = AppIcon;
				CLANG_ENABLE_MODULES = YES;
				CODE_SIGN_ENTITLEMENTS = Runner/Runner.entitlements;
				CURRENT_PROJECT_VERSION = 12;
				DEVELOPMENT_TEAM = 4FYC28AXA2;
				ENABLE_BITCODE = NO;
				FRAMEWORK_SEARCH_PATHS = (
					"$(inherited)",
					"$(PROJECT_DIR)/InternalFrameworks",
				);
				INFOPLIST_FILE = Runner/Info.plist;
				INFOPLIST_KEY_CFBundleDisplayName = Lantern;
				IPHONEOS_DEPLOYMENT_TARGET = 15.0;
				LD_RUNPATH_SEARCH_PATHS = (
					"$(inherited)",
					"@executable_path/Frameworks",
				);
				LINK_WITH_STANDARD_LIBRARIES = YES;
				MARKETING_VERSION = 7.5.0;
				PRODUCT_BUNDLE_IDENTIFIER = org.getlantern.lantern;
				PRODUCT_NAME = "$(TARGET_NAME)";
				SWIFT_OBJC_BRIDGING_HEADER = "Runner/Runner-Bridging-Header.h";
				SWIFT_VERSION = 5.0;
				VERSIONING_SYSTEM = "apple-generic";
			};
			name = "Release-appiumTest";
		};
		0390FE9F2AD533CF00D2818A /* Release-appiumTest */ = {
			isa = XCBuildConfiguration;
			buildSettings = {
				CLANG_ANALYZER_NUMBER_OBJECT_CONVERSION = YES_AGGRESSIVE;
				CLANG_CXX_LANGUAGE_STANDARD = "gnu++20";
				CLANG_ENABLE_OBJC_WEAK = YES;
				CLANG_WARN_DOCUMENTATION_COMMENTS = YES;
				CLANG_WARN_QUOTED_INCLUDE_IN_FRAMEWORK_HEADER = YES;
				CLANG_WARN_UNGUARDED_AVAILABILITY = YES_AGGRESSIVE;
				CODE_SIGN_ENTITLEMENTS = Tunnel/Tunnel.entitlements;
				CODE_SIGN_STYLE = Automatic;
				CURRENT_PROJECT_VERSION = 1;
				DEVELOPMENT_TEAM = 4FYC28AXA2;
				GCC_C_LANGUAGE_STANDARD = gnu11;
				GENERATE_INFOPLIST_FILE = YES;
				INFOPLIST_FILE = Tunnel/Info.plist;
				INFOPLIST_KEY_CFBundleDisplayName = Tunnel;
				INFOPLIST_KEY_NSHumanReadableCopyright = "";
				IPHONEOS_DEPLOYMENT_TARGET = 12.0;
				LD_RUNPATH_SEARCH_PATHS = (
					"$(inherited)",
					"@executable_path/Frameworks",
					"@executable_path/../../Frameworks",
				);
				MARKETING_VERSION = 1.0;
				MTL_FAST_MATH = YES;
				OTHER_LDFLAGS = "-lc++";
				PRODUCT_BUNDLE_IDENTIFIER = org.getlantern.lantern.Tunnel;
				PRODUCT_NAME = "$(TARGET_NAME)";
				SKIP_INSTALL = YES;
				SWIFT_COMPILATION_MODE = wholemodule;
				SWIFT_EMIT_LOC_STRINGS = YES;
				SWIFT_OPTIMIZATION_LEVEL = "-O";
				SWIFT_VERSION = 5.0;
				TARGETED_DEVICE_FAMILY = "1,2";
			};
			name = "Release-appiumTest";
		};
		0390FEA02AD533CF00D2818A /* Release-appiumTest */ = {
			isa = XCBuildConfiguration;
			buildSettings = {
				BUNDLE_LOADER = "$(TEST_HOST)";
				CLANG_ANALYZER_NUMBER_OBJECT_CONVERSION = YES_AGGRESSIVE;
				CLANG_CXX_LANGUAGE_STANDARD = "gnu++20";
				CLANG_ENABLE_OBJC_WEAK = YES;
				CLANG_WARN_DOCUMENTATION_COMMENTS = YES;
				CLANG_WARN_QUOTED_INCLUDE_IN_FRAMEWORK_HEADER = YES;
				CLANG_WARN_UNGUARDED_AVAILABILITY = YES_AGGRESSIVE;
				CODE_SIGN_STYLE = Automatic;
				CURRENT_PROJECT_VERSION = 1;
				DEVELOPMENT_TEAM = 4FYC28AXA2;
				GCC_C_LANGUAGE_STANDARD = gnu11;
				GENERATE_INFOPLIST_FILE = YES;
				IPHONEOS_DEPLOYMENT_TARGET = 16.4;
				MACOSX_DEPLOYMENT_TARGET = 13.3;
				MARKETING_VERSION = 1.0;
				MTL_FAST_MATH = YES;
				PRODUCT_BUNDLE_IDENTIFIER = org.getlantern.lantern.LanternTests;
				PRODUCT_NAME = "$(TARGET_NAME)";
				SDKROOT = auto;
				SUPPORTED_PLATFORMS = "iphoneos iphonesimulator macosx";
				SWIFT_COMPILATION_MODE = wholemodule;
				SWIFT_EMIT_LOC_STRINGS = NO;
				SWIFT_OPTIMIZATION_LEVEL = "-O";
				SWIFT_VERSION = 5.0;
				TARGETED_DEVICE_FAMILY = "1,2";
				TEST_HOST = "$(BUILT_PRODUCTS_DIR)/Runner.app/$(BUNDLE_EXECUTABLE_FOLDER_PATH)/Runner";
			};
			name = "Release-appiumTest";
		};
		0390FEA12AD533D900D2818A /* Profile-appiumTest */ = {
			isa = XCBuildConfiguration;
			buildSettings = {
				ALWAYS_SEARCH_USER_PATHS = NO;
				CLANG_ANALYZER_NONNULL = YES;
				CLANG_CXX_LANGUAGE_STANDARD = "gnu++0x";
				CLANG_CXX_LIBRARY = "libc++";
				CLANG_ENABLE_MODULES = YES;
				CLANG_ENABLE_OBJC_ARC = YES;
				CLANG_WARN_BLOCK_CAPTURE_AUTORELEASING = YES;
				CLANG_WARN_BOOL_CONVERSION = YES;
				CLANG_WARN_COMMA = YES;
				CLANG_WARN_CONSTANT_CONVERSION = YES;
				CLANG_WARN_DEPRECATED_OBJC_IMPLEMENTATIONS = YES;
				CLANG_WARN_DIRECT_OBJC_ISA_USAGE = YES_ERROR;
				CLANG_WARN_EMPTY_BODY = YES;
				CLANG_WARN_ENUM_CONVERSION = YES;
				CLANG_WARN_INFINITE_RECURSION = YES;
				CLANG_WARN_INT_CONVERSION = YES;
				CLANG_WARN_NON_LITERAL_NULL_CONVERSION = YES;
				CLANG_WARN_OBJC_IMPLICIT_RETAIN_SELF = YES;
				CLANG_WARN_OBJC_LITERAL_CONVERSION = YES;
				CLANG_WARN_OBJC_ROOT_CLASS = YES_ERROR;
				CLANG_WARN_RANGE_LOOP_ANALYSIS = YES;
				CLANG_WARN_STRICT_PROTOTYPES = YES;
				CLANG_WARN_SUSPICIOUS_MOVE = YES;
				CLANG_WARN_UNREACHABLE_CODE = YES;
				CLANG_WARN__DUPLICATE_METHOD_MATCH = YES;
				"CODE_SIGN_IDENTITY[sdk=iphoneos*]" = "iPhone Developer";
				COPY_PHASE_STRIP = NO;
				CURRENT_SCHEME_NAME = appiumTest;
				DEBUG_INFORMATION_FORMAT = "dwarf-with-dsym";
				ENABLE_NS_ASSERTIONS = NO;
				ENABLE_STRICT_OBJC_MSGSEND = YES;
				GCC_C_LANGUAGE_STANDARD = gnu99;
				GCC_NO_COMMON_BLOCKS = YES;
				GCC_WARN_64_TO_32_BIT_CONVERSION = YES;
				GCC_WARN_ABOUT_RETURN_TYPE = YES_ERROR;
				GCC_WARN_UNDECLARED_SELECTOR = YES;
				GCC_WARN_UNINITIALIZED_AUTOS = YES_AGGRESSIVE;
				GCC_WARN_UNUSED_FUNCTION = YES;
				GCC_WARN_UNUSED_VARIABLE = YES;
				IPHONEOS_DEPLOYMENT_TARGET = 15.0;
				MTL_ENABLE_DEBUG_INFO = NO;
				SDKROOT = iphoneos;
				SUPPORTED_PLATFORMS = iphoneos;
				TARGETED_DEVICE_FAMILY = "1,2";
				VALIDATE_PRODUCT = YES;
			};
			name = "Profile-appiumTest";
		};
		0390FEA22AD533D900D2818A /* Profile-appiumTest */ = {
			isa = XCBuildConfiguration;
			baseConfigurationReference = 7AFA3C8E1D35360C0083082E /* Release.xcconfig */;
			buildSettings = {
				ALWAYS_EMBED_SWIFT_STANDARD_LIBRARIES = YES;
				ASSETCATALOG_COMPILER_APPICON_NAME = AppIcon;
				CLANG_ENABLE_MODULES = YES;
				CODE_SIGN_ENTITLEMENTS = Runner/Runner.entitlements;
				CURRENT_PROJECT_VERSION = 12;
				DEVELOPMENT_TEAM = 4FYC28AXA2;
				ENABLE_BITCODE = NO;
				FRAMEWORK_SEARCH_PATHS = (
					"$(inherited)",
					"$(PROJECT_DIR)/InternalFrameworks",
				);
				INFOPLIST_FILE = Runner/Info.plist;
				INFOPLIST_KEY_CFBundleDisplayName = Lantern;
				IPHONEOS_DEPLOYMENT_TARGET = 15.0;
				LD_RUNPATH_SEARCH_PATHS = (
					"$(inherited)",
					"@executable_path/Frameworks",
				);
				LINK_WITH_STANDARD_LIBRARIES = YES;
				MARKETING_VERSION = 7.5.0;
				PRODUCT_BUNDLE_IDENTIFIER = org.getlantern.lantern;
				PRODUCT_NAME = "$(TARGET_NAME)";
				SWIFT_OBJC_BRIDGING_HEADER = "Runner/Runner-Bridging-Header.h";
				SWIFT_VERSION = 5.0;
				VERSIONING_SYSTEM = "apple-generic";
			};
			name = "Profile-appiumTest";
		};
		0390FEA32AD533D900D2818A /* Profile-appiumTest */ = {
			isa = XCBuildConfiguration;
			buildSettings = {
				CLANG_ANALYZER_NUMBER_OBJECT_CONVERSION = YES_AGGRESSIVE;
				CLANG_CXX_LANGUAGE_STANDARD = "gnu++20";
				CLANG_ENABLE_OBJC_WEAK = YES;
				CLANG_WARN_DOCUMENTATION_COMMENTS = YES;
				CLANG_WARN_QUOTED_INCLUDE_IN_FRAMEWORK_HEADER = YES;
				CLANG_WARN_UNGUARDED_AVAILABILITY = YES_AGGRESSIVE;
				CODE_SIGN_ENTITLEMENTS = Tunnel/Tunnel.entitlements;
				CODE_SIGN_STYLE = Automatic;
				CURRENT_PROJECT_VERSION = 1;
				DEVELOPMENT_TEAM = 4FYC28AXA2;
				GCC_C_LANGUAGE_STANDARD = gnu11;
				GENERATE_INFOPLIST_FILE = YES;
				INFOPLIST_FILE = Tunnel/Info.plist;
				INFOPLIST_KEY_CFBundleDisplayName = Tunnel;
				INFOPLIST_KEY_NSHumanReadableCopyright = "";
				IPHONEOS_DEPLOYMENT_TARGET = 12.0;
				LD_RUNPATH_SEARCH_PATHS = (
					"$(inherited)",
					"@executable_path/Frameworks",
					"@executable_path/../../Frameworks",
				);
				MARKETING_VERSION = 1.0;
				MTL_FAST_MATH = YES;
				OTHER_LDFLAGS = "-lc++";
				PRODUCT_BUNDLE_IDENTIFIER = org.getlantern.lantern.Tunnel;
				PRODUCT_NAME = "$(TARGET_NAME)";
				SKIP_INSTALL = YES;
				SWIFT_COMPILATION_MODE = wholemodule;
				SWIFT_EMIT_LOC_STRINGS = YES;
				SWIFT_OPTIMIZATION_LEVEL = "-O";
				SWIFT_VERSION = 5.0;
				TARGETED_DEVICE_FAMILY = "1,2";
			};
			name = "Profile-appiumTest";
		};
		0390FEA42AD533D900D2818A /* Profile-appiumTest */ = {
			isa = XCBuildConfiguration;
			buildSettings = {
				BUNDLE_LOADER = "$(TEST_HOST)";
				CLANG_ANALYZER_NUMBER_OBJECT_CONVERSION = YES_AGGRESSIVE;
				CLANG_CXX_LANGUAGE_STANDARD = "gnu++20";
				CLANG_ENABLE_OBJC_WEAK = YES;
				CLANG_WARN_DOCUMENTATION_COMMENTS = YES;
				CLANG_WARN_QUOTED_INCLUDE_IN_FRAMEWORK_HEADER = YES;
				CLANG_WARN_UNGUARDED_AVAILABILITY = YES_AGGRESSIVE;
				CODE_SIGN_STYLE = Automatic;
				CURRENT_PROJECT_VERSION = 1;
				DEVELOPMENT_TEAM = 4FYC28AXA2;
				GCC_C_LANGUAGE_STANDARD = gnu11;
				GENERATE_INFOPLIST_FILE = YES;
				IPHONEOS_DEPLOYMENT_TARGET = 16.4;
				MACOSX_DEPLOYMENT_TARGET = 13.3;
				MARKETING_VERSION = 1.0;
				MTL_FAST_MATH = YES;
				PRODUCT_BUNDLE_IDENTIFIER = org.getlantern.lantern.LanternTests;
				PRODUCT_NAME = "$(TARGET_NAME)";
				SDKROOT = auto;
				SUPPORTED_PLATFORMS = "iphoneos iphonesimulator macosx";
				SWIFT_COMPILATION_MODE = wholemodule;
				SWIFT_EMIT_LOC_STRINGS = NO;
				SWIFT_OPTIMIZATION_LEVEL = "-O";
				SWIFT_VERSION = 5.0;
				TARGETED_DEVICE_FAMILY = "1,2";
				TEST_HOST = "$(BUILT_PRODUCTS_DIR)/Runner.app/$(BUNDLE_EXECUTABLE_FOLDER_PATH)/Runner";
			};
			name = "Profile-appiumTest";
		};
		0390FEA52AD533E600D2818A /* Debug-Runner-appiumTest */ = {
			isa = XCBuildConfiguration;
			buildSettings = {
				ALWAYS_SEARCH_USER_PATHS = NO;
				CLANG_ANALYZER_NONNULL = YES;
				CLANG_CXX_LANGUAGE_STANDARD = "gnu++0x";
				CLANG_CXX_LIBRARY = "libc++";
				CLANG_ENABLE_MODULES = YES;
				CLANG_ENABLE_OBJC_ARC = YES;
				CLANG_WARN_BLOCK_CAPTURE_AUTORELEASING = YES;
				CLANG_WARN_BOOL_CONVERSION = YES;
				CLANG_WARN_COMMA = YES;
				CLANG_WARN_CONSTANT_CONVERSION = YES;
				CLANG_WARN_DEPRECATED_OBJC_IMPLEMENTATIONS = YES;
				CLANG_WARN_DIRECT_OBJC_ISA_USAGE = YES_ERROR;
				CLANG_WARN_EMPTY_BODY = YES;
				CLANG_WARN_ENUM_CONVERSION = YES;
				CLANG_WARN_INFINITE_RECURSION = YES;
				CLANG_WARN_INT_CONVERSION = YES;
				CLANG_WARN_NON_LITERAL_NULL_CONVERSION = YES;
				CLANG_WARN_OBJC_IMPLICIT_RETAIN_SELF = YES;
				CLANG_WARN_OBJC_LITERAL_CONVERSION = YES;
				CLANG_WARN_OBJC_ROOT_CLASS = YES_ERROR;
				CLANG_WARN_RANGE_LOOP_ANALYSIS = YES;
				CLANG_WARN_STRICT_PROTOTYPES = YES;
				CLANG_WARN_SUSPICIOUS_MOVE = YES;
				CLANG_WARN_UNREACHABLE_CODE = YES;
				CLANG_WARN__DUPLICATE_METHOD_MATCH = YES;
				"CODE_SIGN_IDENTITY[sdk=iphoneos*]" = "iPhone Developer";
				COPY_PHASE_STRIP = NO;
				CURRENT_SCHEME_NAME = appiumTest;
				DEBUG_INFORMATION_FORMAT = dwarf;
				ENABLE_STRICT_OBJC_MSGSEND = YES;
				ENABLE_TESTABILITY = YES;
				GCC_C_LANGUAGE_STANDARD = gnu99;
				GCC_DYNAMIC_NO_PIC = NO;
				GCC_NO_COMMON_BLOCKS = YES;
				GCC_OPTIMIZATION_LEVEL = 0;
				GCC_PREPROCESSOR_DEFINITIONS = (
					"DEBUG=1",
					"$(inherited)",
				);
				GCC_WARN_64_TO_32_BIT_CONVERSION = YES;
				GCC_WARN_ABOUT_RETURN_TYPE = YES_ERROR;
				GCC_WARN_UNDECLARED_SELECTOR = YES;
				GCC_WARN_UNINITIALIZED_AUTOS = YES_AGGRESSIVE;
				GCC_WARN_UNUSED_FUNCTION = YES;
				GCC_WARN_UNUSED_VARIABLE = YES;
				IPHONEOS_DEPLOYMENT_TARGET = 15.0;
				MTL_ENABLE_DEBUG_INFO = YES;
				ONLY_ACTIVE_ARCH = YES;
				SDKROOT = iphoneos;
				TARGETED_DEVICE_FAMILY = "1,2";
			};
			name = "Debug-Runner-appiumTest";
		};
		0390FEA62AD533E600D2818A /* Debug-Runner-appiumTest */ = {
			isa = XCBuildConfiguration;
			baseConfigurationReference = 9740EEB21CF90195004384FC /* Debug.xcconfig */;
			buildSettings = {
				ALWAYS_EMBED_SWIFT_STANDARD_LIBRARIES = YES;
				ASSETCATALOG_COMPILER_APPICON_NAME = AppIcon;
				CLANG_ENABLE_MODULES = YES;
				CODE_SIGN_ENTITLEMENTS = Runner/Runner.entitlements;
				CURRENT_PROJECT_VERSION = 12;
				DEVELOPMENT_TEAM = 4FYC28AXA2;
				ENABLE_BITCODE = NO;
				FRAMEWORK_SEARCH_PATHS = (
					"$(inherited)",
					"$(PROJECT_DIR)/InternalFrameworks",
				);
				INFOPLIST_FILE = Runner/Info.plist;
				INFOPLIST_KEY_CFBundleDisplayName = Lantern;
				IPHONEOS_DEPLOYMENT_TARGET = 15.0;
				LD_RUNPATH_SEARCH_PATHS = (
					"$(inherited)",
					"@executable_path/Frameworks",
				);
				LINK_WITH_STANDARD_LIBRARIES = YES;
				MARKETING_VERSION = 7.5.0;
				PRODUCT_BUNDLE_IDENTIFIER = org.getlantern.lantern;
				PRODUCT_NAME = "$(TARGET_NAME)";
				SWIFT_OBJC_BRIDGING_HEADER = "Runner/Runner-Bridging-Header.h";
				SWIFT_OPTIMIZATION_LEVEL = "-Onone";
				SWIFT_VERSION = 5.0;
				VERSIONING_SYSTEM = "apple-generic";
			};
			name = "Debug-Runner-appiumTest";
		};
		0390FEA72AD533E600D2818A /* Debug-Runner-appiumTest */ = {
			isa = XCBuildConfiguration;
			buildSettings = {
				CLANG_ANALYZER_NUMBER_OBJECT_CONVERSION = YES_AGGRESSIVE;
				CLANG_CXX_LANGUAGE_STANDARD = "gnu++20";
				CLANG_ENABLE_OBJC_WEAK = YES;
				CLANG_WARN_DOCUMENTATION_COMMENTS = YES;
				CLANG_WARN_QUOTED_INCLUDE_IN_FRAMEWORK_HEADER = YES;
				CLANG_WARN_UNGUARDED_AVAILABILITY = YES_AGGRESSIVE;
				CODE_SIGN_ENTITLEMENTS = Tunnel/Tunnel.entitlements;
				CODE_SIGN_STYLE = Automatic;
				CURRENT_PROJECT_VERSION = 1;
				DEVELOPMENT_TEAM = 4FYC28AXA2;
				GCC_C_LANGUAGE_STANDARD = gnu11;
				GENERATE_INFOPLIST_FILE = YES;
				INFOPLIST_FILE = Tunnel/Info.plist;
				INFOPLIST_KEY_CFBundleDisplayName = Tunnel;
				INFOPLIST_KEY_NSHumanReadableCopyright = "";
				IPHONEOS_DEPLOYMENT_TARGET = 12.0;
				LD_RUNPATH_SEARCH_PATHS = (
					"$(inherited)",
					"@executable_path/Frameworks",
					"@executable_path/../../Frameworks",
				);
				MARKETING_VERSION = 1.0;
				MTL_ENABLE_DEBUG_INFO = INCLUDE_SOURCE;
				MTL_FAST_MATH = YES;
				OTHER_LDFLAGS = "-lc++";
				PRODUCT_BUNDLE_IDENTIFIER = org.getlantern.lantern.Tunnel;
				PRODUCT_NAME = "$(TARGET_NAME)";
				SKIP_INSTALL = YES;
				SWIFT_ACTIVE_COMPILATION_CONDITIONS = DEBUG;
				SWIFT_EMIT_LOC_STRINGS = YES;
				SWIFT_OPTIMIZATION_LEVEL = "-Onone";
				SWIFT_VERSION = 5.0;
				TARGETED_DEVICE_FAMILY = "1,2";
			};
			name = "Debug-Runner-appiumTest";
		};
		0390FEA82AD533E600D2818A /* Debug-Runner-appiumTest */ = {
			isa = XCBuildConfiguration;
			buildSettings = {
				BUNDLE_LOADER = "$(TEST_HOST)";
				CLANG_ANALYZER_NUMBER_OBJECT_CONVERSION = YES_AGGRESSIVE;
				CLANG_CXX_LANGUAGE_STANDARD = "gnu++20";
				CLANG_ENABLE_OBJC_WEAK = YES;
				CLANG_WARN_DOCUMENTATION_COMMENTS = YES;
				CLANG_WARN_QUOTED_INCLUDE_IN_FRAMEWORK_HEADER = YES;
				CLANG_WARN_UNGUARDED_AVAILABILITY = YES_AGGRESSIVE;
				CODE_SIGN_STYLE = Automatic;
				CURRENT_PROJECT_VERSION = 1;
				DEVELOPMENT_TEAM = 4FYC28AXA2;
				GCC_C_LANGUAGE_STANDARD = gnu11;
				GENERATE_INFOPLIST_FILE = YES;
				IPHONEOS_DEPLOYMENT_TARGET = 16.4;
				MACOSX_DEPLOYMENT_TARGET = 13.3;
				MARKETING_VERSION = 1.0;
				MTL_ENABLE_DEBUG_INFO = INCLUDE_SOURCE;
				MTL_FAST_MATH = YES;
				PRODUCT_BUNDLE_IDENTIFIER = org.getlantern.lantern.LanternTests;
				PRODUCT_NAME = "$(TARGET_NAME)";
				SDKROOT = auto;
				SUPPORTED_PLATFORMS = "iphoneos iphonesimulator macosx";
				SWIFT_ACTIVE_COMPILATION_CONDITIONS = DEBUG;
				SWIFT_EMIT_LOC_STRINGS = NO;
				SWIFT_OPTIMIZATION_LEVEL = "-Onone";
				SWIFT_VERSION = 5.0;
				TARGETED_DEVICE_FAMILY = "1,2";
				TEST_HOST = "$(BUILT_PRODUCTS_DIR)/Runner.app/$(BUNDLE_EXECUTABLE_FOLDER_PATH)/Runner";
			};
			name = "Debug-Runner-appiumTest";
		};
		03A1AB3C2AA890AB00FB41B2 /* Debug-prod */ = {
			isa = XCBuildConfiguration;
			buildSettings = {
				CLANG_ANALYZER_NUMBER_OBJECT_CONVERSION = YES_AGGRESSIVE;
				CLANG_CXX_LANGUAGE_STANDARD = "gnu++20";
				CLANG_ENABLE_OBJC_WEAK = YES;
				CLANG_WARN_DOCUMENTATION_COMMENTS = YES;
				CLANG_WARN_QUOTED_INCLUDE_IN_FRAMEWORK_HEADER = YES;
				CLANG_WARN_UNGUARDED_AVAILABILITY = YES_AGGRESSIVE;
				CODE_SIGN_ENTITLEMENTS = Tunnel/Tunnel.entitlements;
				CODE_SIGN_STYLE = Automatic;
				CURRENT_PROJECT_VERSION = 1;
				DEVELOPMENT_TEAM = 4FYC28AXA2;
				GCC_C_LANGUAGE_STANDARD = gnu11;
				GENERATE_INFOPLIST_FILE = YES;
				INFOPLIST_FILE = Tunnel/Info.plist;
				INFOPLIST_KEY_CFBundleDisplayName = Tunnel;
				INFOPLIST_KEY_NSHumanReadableCopyright = "";
				IPHONEOS_DEPLOYMENT_TARGET = 12.0;
				LD_RUNPATH_SEARCH_PATHS = (
					"$(inherited)",
					"@executable_path/Frameworks",
					"@executable_path/../../Frameworks",
				);
				MARKETING_VERSION = 1.0;
				MTL_ENABLE_DEBUG_INFO = INCLUDE_SOURCE;
				MTL_FAST_MATH = YES;
				OTHER_LDFLAGS = "-lc++";
				PRODUCT_BUNDLE_IDENTIFIER = org.getlantern.lantern.Tunnel;
				PRODUCT_NAME = "$(TARGET_NAME)";
				SKIP_INSTALL = YES;
				SWIFT_ACTIVE_COMPILATION_CONDITIONS = DEBUG;
				SWIFT_EMIT_LOC_STRINGS = YES;
				SWIFT_OPTIMIZATION_LEVEL = "-Onone";
				SWIFT_VERSION = 5.0;
				TARGETED_DEVICE_FAMILY = "1,2";
			};
			name = "Debug-prod";
		};
		03A1AB3D2AA890AB00FB41B2 /* Release-prod */ = {
			isa = XCBuildConfiguration;
			buildSettings = {
				CLANG_ANALYZER_NUMBER_OBJECT_CONVERSION = YES_AGGRESSIVE;
				CLANG_CXX_LANGUAGE_STANDARD = "gnu++20";
				CLANG_ENABLE_OBJC_WEAK = YES;
				CLANG_WARN_DOCUMENTATION_COMMENTS = YES;
				CLANG_WARN_QUOTED_INCLUDE_IN_FRAMEWORK_HEADER = YES;
				CLANG_WARN_UNGUARDED_AVAILABILITY = YES_AGGRESSIVE;
				CODE_SIGN_ENTITLEMENTS = Tunnel/Tunnel.entitlements;
				CODE_SIGN_STYLE = Automatic;
				CURRENT_PROJECT_VERSION = 1;
				DEVELOPMENT_TEAM = 4FYC28AXA2;
				GCC_C_LANGUAGE_STANDARD = gnu11;
				GENERATE_INFOPLIST_FILE = YES;
				INFOPLIST_FILE = Tunnel/Info.plist;
				INFOPLIST_KEY_CFBundleDisplayName = Tunnel;
				INFOPLIST_KEY_NSHumanReadableCopyright = "";
				IPHONEOS_DEPLOYMENT_TARGET = 12.0;
				LD_RUNPATH_SEARCH_PATHS = (
					"$(inherited)",
					"@executable_path/Frameworks",
					"@executable_path/../../Frameworks",
				);
				MARKETING_VERSION = 1.0;
				MTL_FAST_MATH = YES;
				OTHER_LDFLAGS = "-lc++";
				PRODUCT_BUNDLE_IDENTIFIER = org.getlantern.lantern.Tunnel;
				PRODUCT_NAME = "$(TARGET_NAME)";
				SKIP_INSTALL = YES;
				SWIFT_COMPILATION_MODE = wholemodule;
				SWIFT_EMIT_LOC_STRINGS = YES;
				SWIFT_OPTIMIZATION_LEVEL = "-O";
				SWIFT_VERSION = 5.0;
				TARGETED_DEVICE_FAMILY = "1,2";
			};
			name = "Release-prod";
		};
		03A1AB3E2AA890AB00FB41B2 /* Profile-prod */ = {
			isa = XCBuildConfiguration;
			buildSettings = {
				CLANG_ANALYZER_NUMBER_OBJECT_CONVERSION = YES_AGGRESSIVE;
				CLANG_CXX_LANGUAGE_STANDARD = "gnu++20";
				CLANG_ENABLE_OBJC_WEAK = YES;
				CLANG_WARN_DOCUMENTATION_COMMENTS = YES;
				CLANG_WARN_QUOTED_INCLUDE_IN_FRAMEWORK_HEADER = YES;
				CLANG_WARN_UNGUARDED_AVAILABILITY = YES_AGGRESSIVE;
				CODE_SIGN_ENTITLEMENTS = Tunnel/Tunnel.entitlements;
				CODE_SIGN_STYLE = Automatic;
				CURRENT_PROJECT_VERSION = 1;
				DEVELOPMENT_TEAM = 4FYC28AXA2;
				GCC_C_LANGUAGE_STANDARD = gnu11;
				GENERATE_INFOPLIST_FILE = YES;
				INFOPLIST_FILE = Tunnel/Info.plist;
				INFOPLIST_KEY_CFBundleDisplayName = Tunnel;
				INFOPLIST_KEY_NSHumanReadableCopyright = "";
				IPHONEOS_DEPLOYMENT_TARGET = 12.0;
				LD_RUNPATH_SEARCH_PATHS = (
					"$(inherited)",
					"@executable_path/Frameworks",
					"@executable_path/../../Frameworks",
				);
				MARKETING_VERSION = 1.0;
				MTL_FAST_MATH = YES;
				OTHER_LDFLAGS = "-lc++";
				PRODUCT_BUNDLE_IDENTIFIER = org.getlantern.lantern.Tunnel;
				PRODUCT_NAME = "$(TARGET_NAME)";
				SKIP_INSTALL = YES;
				SWIFT_COMPILATION_MODE = wholemodule;
				SWIFT_EMIT_LOC_STRINGS = YES;
				SWIFT_OPTIMIZATION_LEVEL = "-O";
				SWIFT_VERSION = 5.0;
				TARGETED_DEVICE_FAMILY = "1,2";
			};
			name = "Profile-prod";
		};
		249021D3217E4FDB00AE95B9 /* Profile-prod */ = {
			isa = XCBuildConfiguration;
			buildSettings = {
				ALWAYS_SEARCH_USER_PATHS = NO;
				CLANG_ANALYZER_NONNULL = YES;
				CLANG_CXX_LANGUAGE_STANDARD = "gnu++0x";
				CLANG_CXX_LIBRARY = "libc++";
				CLANG_ENABLE_MODULES = YES;
				CLANG_ENABLE_OBJC_ARC = YES;
				CLANG_WARN_BLOCK_CAPTURE_AUTORELEASING = YES;
				CLANG_WARN_BOOL_CONVERSION = YES;
				CLANG_WARN_COMMA = YES;
				CLANG_WARN_CONSTANT_CONVERSION = YES;
				CLANG_WARN_DEPRECATED_OBJC_IMPLEMENTATIONS = YES;
				CLANG_WARN_DIRECT_OBJC_ISA_USAGE = YES_ERROR;
				CLANG_WARN_EMPTY_BODY = YES;
				CLANG_WARN_ENUM_CONVERSION = YES;
				CLANG_WARN_INFINITE_RECURSION = YES;
				CLANG_WARN_INT_CONVERSION = YES;
				CLANG_WARN_NON_LITERAL_NULL_CONVERSION = YES;
				CLANG_WARN_OBJC_IMPLICIT_RETAIN_SELF = YES;
				CLANG_WARN_OBJC_LITERAL_CONVERSION = YES;
				CLANG_WARN_OBJC_ROOT_CLASS = YES_ERROR;
				CLANG_WARN_RANGE_LOOP_ANALYSIS = YES;
				CLANG_WARN_STRICT_PROTOTYPES = YES;
				CLANG_WARN_SUSPICIOUS_MOVE = YES;
				CLANG_WARN_UNREACHABLE_CODE = YES;
				CLANG_WARN__DUPLICATE_METHOD_MATCH = YES;
				"CODE_SIGN_IDENTITY[sdk=iphoneos*]" = "iPhone Developer";
				COPY_PHASE_STRIP = NO;
				CURRENT_SCHEME_NAME = prod;
				DEBUG_INFORMATION_FORMAT = "dwarf-with-dsym";
				ENABLE_NS_ASSERTIONS = NO;
				ENABLE_STRICT_OBJC_MSGSEND = YES;
				GCC_C_LANGUAGE_STANDARD = gnu99;
				GCC_NO_COMMON_BLOCKS = YES;
				GCC_WARN_64_TO_32_BIT_CONVERSION = YES;
				GCC_WARN_ABOUT_RETURN_TYPE = YES_ERROR;
				GCC_WARN_UNDECLARED_SELECTOR = YES;
				GCC_WARN_UNINITIALIZED_AUTOS = YES_AGGRESSIVE;
				GCC_WARN_UNUSED_FUNCTION = YES;
				GCC_WARN_UNUSED_VARIABLE = YES;
				IPHONEOS_DEPLOYMENT_TARGET = 15.0;
				MTL_ENABLE_DEBUG_INFO = NO;
				SDKROOT = iphoneos;
				SUPPORTED_PLATFORMS = iphoneos;
				TARGETED_DEVICE_FAMILY = "1,2";
				VALIDATE_PRODUCT = YES;
			};
			name = "Profile-prod";
		};
		249021D4217E4FDB00AE95B9 /* Profile-prod */ = {
			isa = XCBuildConfiguration;
			baseConfigurationReference = 7AFA3C8E1D35360C0083082E /* Release.xcconfig */;
			buildSettings = {
				ALWAYS_EMBED_SWIFT_STANDARD_LIBRARIES = YES;
				ASSETCATALOG_COMPILER_APPICON_NAME = AppIcon;
				CLANG_ENABLE_MODULES = YES;
				CODE_SIGN_ENTITLEMENTS = Runner/Runner.entitlements;
				CURRENT_PROJECT_VERSION = 12;
				DEVELOPMENT_TEAM = 4FYC28AXA2;
				ENABLE_BITCODE = NO;
				FRAMEWORK_SEARCH_PATHS = (
					"$(inherited)",
					"$(PROJECT_DIR)/InternalFrameworks",
				);
				INFOPLIST_FILE = Runner/Info.plist;
				INFOPLIST_KEY_CFBundleDisplayName = Lantern;
				IPHONEOS_DEPLOYMENT_TARGET = 15.0;
				LD_RUNPATH_SEARCH_PATHS = (
					"$(inherited)",
					"@executable_path/Frameworks",
				);
				LINK_WITH_STANDARD_LIBRARIES = YES;
				MARKETING_VERSION = 7.5.0;
				PRODUCT_BUNDLE_IDENTIFIER = org.getlantern.lantern;
				PRODUCT_NAME = "$(TARGET_NAME)";
				SWIFT_OBJC_BRIDGING_HEADER = "Runner/Runner-Bridging-Header.h";
				SWIFT_VERSION = 5.0;
				VERSIONING_SYSTEM = "apple-generic";
			};
			name = "Profile-prod";
		};
		97C147031CF9000F007C117D /* Debug-prod */ = {
			isa = XCBuildConfiguration;
			buildSettings = {
				ALWAYS_SEARCH_USER_PATHS = NO;
				CLANG_ANALYZER_NONNULL = YES;
				CLANG_CXX_LANGUAGE_STANDARD = "gnu++0x";
				CLANG_CXX_LIBRARY = "libc++";
				CLANG_ENABLE_MODULES = YES;
				CLANG_ENABLE_OBJC_ARC = YES;
				CLANG_WARN_BLOCK_CAPTURE_AUTORELEASING = YES;
				CLANG_WARN_BOOL_CONVERSION = YES;
				CLANG_WARN_COMMA = YES;
				CLANG_WARN_CONSTANT_CONVERSION = YES;
				CLANG_WARN_DEPRECATED_OBJC_IMPLEMENTATIONS = YES;
				CLANG_WARN_DIRECT_OBJC_ISA_USAGE = YES_ERROR;
				CLANG_WARN_EMPTY_BODY = YES;
				CLANG_WARN_ENUM_CONVERSION = YES;
				CLANG_WARN_INFINITE_RECURSION = YES;
				CLANG_WARN_INT_CONVERSION = YES;
				CLANG_WARN_NON_LITERAL_NULL_CONVERSION = YES;
				CLANG_WARN_OBJC_IMPLICIT_RETAIN_SELF = YES;
				CLANG_WARN_OBJC_LITERAL_CONVERSION = YES;
				CLANG_WARN_OBJC_ROOT_CLASS = YES_ERROR;
				CLANG_WARN_RANGE_LOOP_ANALYSIS = YES;
				CLANG_WARN_STRICT_PROTOTYPES = YES;
				CLANG_WARN_SUSPICIOUS_MOVE = YES;
				CLANG_WARN_UNREACHABLE_CODE = YES;
				CLANG_WARN__DUPLICATE_METHOD_MATCH = YES;
				"CODE_SIGN_IDENTITY[sdk=iphoneos*]" = "iPhone Developer";
				COPY_PHASE_STRIP = NO;
				CURRENT_SCHEME_NAME = prod;
				DEBUG_INFORMATION_FORMAT = dwarf;
				ENABLE_STRICT_OBJC_MSGSEND = YES;
				ENABLE_TESTABILITY = YES;
				GCC_C_LANGUAGE_STANDARD = gnu99;
				GCC_DYNAMIC_NO_PIC = NO;
				GCC_NO_COMMON_BLOCKS = YES;
				GCC_OPTIMIZATION_LEVEL = 0;
				GCC_PREPROCESSOR_DEFINITIONS = (
					"DEBUG=1",
					"$(inherited)",
				);
				GCC_WARN_64_TO_32_BIT_CONVERSION = YES;
				GCC_WARN_ABOUT_RETURN_TYPE = YES_ERROR;
				GCC_WARN_UNDECLARED_SELECTOR = YES;
				GCC_WARN_UNINITIALIZED_AUTOS = YES_AGGRESSIVE;
				GCC_WARN_UNUSED_FUNCTION = YES;
				GCC_WARN_UNUSED_VARIABLE = YES;
				IPHONEOS_DEPLOYMENT_TARGET = 15.0;
				MTL_ENABLE_DEBUG_INFO = YES;
				ONLY_ACTIVE_ARCH = YES;
				SDKROOT = iphoneos;
				TARGETED_DEVICE_FAMILY = "1,2";
			};
			name = "Debug-prod";
		};
		97C147041CF9000F007C117D /* Release-prod */ = {
			isa = XCBuildConfiguration;
			buildSettings = {
				ALWAYS_SEARCH_USER_PATHS = NO;
				CLANG_ANALYZER_NONNULL = YES;
				CLANG_CXX_LANGUAGE_STANDARD = "gnu++0x";
				CLANG_CXX_LIBRARY = "libc++";
				CLANG_ENABLE_MODULES = YES;
				CLANG_ENABLE_OBJC_ARC = YES;
				CLANG_WARN_BLOCK_CAPTURE_AUTORELEASING = YES;
				CLANG_WARN_BOOL_CONVERSION = YES;
				CLANG_WARN_COMMA = YES;
				CLANG_WARN_CONSTANT_CONVERSION = YES;
				CLANG_WARN_DEPRECATED_OBJC_IMPLEMENTATIONS = YES;
				CLANG_WARN_DIRECT_OBJC_ISA_USAGE = YES_ERROR;
				CLANG_WARN_EMPTY_BODY = YES;
				CLANG_WARN_ENUM_CONVERSION = YES;
				CLANG_WARN_INFINITE_RECURSION = YES;
				CLANG_WARN_INT_CONVERSION = YES;
				CLANG_WARN_NON_LITERAL_NULL_CONVERSION = YES;
				CLANG_WARN_OBJC_IMPLICIT_RETAIN_SELF = YES;
				CLANG_WARN_OBJC_LITERAL_CONVERSION = YES;
				CLANG_WARN_OBJC_ROOT_CLASS = YES_ERROR;
				CLANG_WARN_RANGE_LOOP_ANALYSIS = YES;
				CLANG_WARN_STRICT_PROTOTYPES = YES;
				CLANG_WARN_SUSPICIOUS_MOVE = YES;
				CLANG_WARN_UNREACHABLE_CODE = YES;
				CLANG_WARN__DUPLICATE_METHOD_MATCH = YES;
				"CODE_SIGN_IDENTITY[sdk=iphoneos*]" = "iPhone Developer";
				COPY_PHASE_STRIP = NO;
				CURRENT_SCHEME_NAME = prod;
				DEBUG_INFORMATION_FORMAT = "dwarf-with-dsym";
				ENABLE_NS_ASSERTIONS = NO;
				ENABLE_STRICT_OBJC_MSGSEND = YES;
				GCC_C_LANGUAGE_STANDARD = gnu99;
				GCC_NO_COMMON_BLOCKS = YES;
				GCC_WARN_64_TO_32_BIT_CONVERSION = YES;
				GCC_WARN_ABOUT_RETURN_TYPE = YES_ERROR;
				GCC_WARN_UNDECLARED_SELECTOR = YES;
				GCC_WARN_UNINITIALIZED_AUTOS = YES_AGGRESSIVE;
				GCC_WARN_UNUSED_FUNCTION = YES;
				GCC_WARN_UNUSED_VARIABLE = YES;
				IPHONEOS_DEPLOYMENT_TARGET = 15.0;
				MTL_ENABLE_DEBUG_INFO = NO;
				SDKROOT = iphoneos;
				SUPPORTED_PLATFORMS = iphoneos;
				SWIFT_OPTIMIZATION_LEVEL = "-Owholemodule";
				TARGETED_DEVICE_FAMILY = "1,2";
				VALIDATE_PRODUCT = YES;
			};
			name = "Release-prod";
		};
		97C147061CF9000F007C117D /* Debug-prod */ = {
			isa = XCBuildConfiguration;
			baseConfigurationReference = 9740EEB21CF90195004384FC /* Debug.xcconfig */;
			buildSettings = {
				ALWAYS_EMBED_SWIFT_STANDARD_LIBRARIES = YES;
				ASSETCATALOG_COMPILER_APPICON_NAME = AppIcon;
				CLANG_ENABLE_MODULES = YES;
				CODE_SIGN_ENTITLEMENTS = Runner/Runner.entitlements;
				CURRENT_PROJECT_VERSION = 12;
				DEVELOPMENT_TEAM = 4FYC28AXA2;
				ENABLE_BITCODE = NO;
				FRAMEWORK_SEARCH_PATHS = (
					"$(inherited)",
					"$(PROJECT_DIR)/InternalFrameworks",
				);
				INFOPLIST_FILE = Runner/Info.plist;
				INFOPLIST_KEY_CFBundleDisplayName = Lantern;
				IPHONEOS_DEPLOYMENT_TARGET = 15.0;
				LD_RUNPATH_SEARCH_PATHS = (
					"$(inherited)",
					"@executable_path/Frameworks",
				);
				LINK_WITH_STANDARD_LIBRARIES = YES;
				MARKETING_VERSION = 7.5.0;
				PRODUCT_BUNDLE_IDENTIFIER = org.getlantern.lantern;
				PRODUCT_NAME = "$(TARGET_NAME)";
				SWIFT_OBJC_BRIDGING_HEADER = "Runner/Runner-Bridging-Header.h";
				SWIFT_OPTIMIZATION_LEVEL = "-Onone";
				SWIFT_VERSION = 5.0;
				VERSIONING_SYSTEM = "apple-generic";
			};
			name = "Debug-prod";
		};
		97C147071CF9000F007C117D /* Release-prod */ = {
			isa = XCBuildConfiguration;
			baseConfigurationReference = 7AFA3C8E1D35360C0083082E /* Release.xcconfig */;
			buildSettings = {
				ALWAYS_EMBED_SWIFT_STANDARD_LIBRARIES = YES;
				ASSETCATALOG_COMPILER_APPICON_NAME = AppIcon;
				CLANG_ENABLE_MODULES = YES;
				CODE_SIGN_ENTITLEMENTS = Runner/Runner.entitlements;
				CURRENT_PROJECT_VERSION = 12;
				DEVELOPMENT_TEAM = 4FYC28AXA2;
				ENABLE_BITCODE = NO;
				FRAMEWORK_SEARCH_PATHS = (
					"$(inherited)",
					"$(PROJECT_DIR)/InternalFrameworks",
				);
				INFOPLIST_FILE = Runner/Info.plist;
				INFOPLIST_KEY_CFBundleDisplayName = Lantern;
				IPHONEOS_DEPLOYMENT_TARGET = 15.0;
				LD_RUNPATH_SEARCH_PATHS = (
					"$(inherited)",
					"@executable_path/Frameworks",
				);
				LINK_WITH_STANDARD_LIBRARIES = YES;
				MARKETING_VERSION = 7.5.0;
				PRODUCT_BUNDLE_IDENTIFIER = org.getlantern.lantern;
				PRODUCT_NAME = "$(TARGET_NAME)";
				SWIFT_OBJC_BRIDGING_HEADER = "Runner/Runner-Bridging-Header.h";
				SWIFT_VERSION = 5.0;
				VERSIONING_SYSTEM = "apple-generic";
			};
			name = "Release-prod";
		};
		EC595B352ACCB79100A927E1 /* Debug-Runner-prod */ = {
			isa = XCBuildConfiguration;
			buildSettings = {
				ALWAYS_SEARCH_USER_PATHS = NO;
				CLANG_ANALYZER_NONNULL = YES;
				CLANG_CXX_LANGUAGE_STANDARD = "gnu++0x";
				CLANG_CXX_LIBRARY = "libc++";
				CLANG_ENABLE_MODULES = YES;
				CLANG_ENABLE_OBJC_ARC = YES;
				CLANG_WARN_BLOCK_CAPTURE_AUTORELEASING = YES;
				CLANG_WARN_BOOL_CONVERSION = YES;
				CLANG_WARN_COMMA = YES;
				CLANG_WARN_CONSTANT_CONVERSION = YES;
				CLANG_WARN_DEPRECATED_OBJC_IMPLEMENTATIONS = YES;
				CLANG_WARN_DIRECT_OBJC_ISA_USAGE = YES_ERROR;
				CLANG_WARN_EMPTY_BODY = YES;
				CLANG_WARN_ENUM_CONVERSION = YES;
				CLANG_WARN_INFINITE_RECURSION = YES;
				CLANG_WARN_INT_CONVERSION = YES;
				CLANG_WARN_NON_LITERAL_NULL_CONVERSION = YES;
				CLANG_WARN_OBJC_IMPLICIT_RETAIN_SELF = YES;
				CLANG_WARN_OBJC_LITERAL_CONVERSION = YES;
				CLANG_WARN_OBJC_ROOT_CLASS = YES_ERROR;
				CLANG_WARN_RANGE_LOOP_ANALYSIS = YES;
				CLANG_WARN_STRICT_PROTOTYPES = YES;
				CLANG_WARN_SUSPICIOUS_MOVE = YES;
				CLANG_WARN_UNREACHABLE_CODE = YES;
				CLANG_WARN__DUPLICATE_METHOD_MATCH = YES;
				"CODE_SIGN_IDENTITY[sdk=iphoneos*]" = "iPhone Developer";
				COPY_PHASE_STRIP = NO;
				CURRENT_SCHEME_NAME = prod;
				DEBUG_INFORMATION_FORMAT = dwarf;
				ENABLE_STRICT_OBJC_MSGSEND = YES;
				ENABLE_TESTABILITY = YES;
				GCC_C_LANGUAGE_STANDARD = gnu99;
				GCC_DYNAMIC_NO_PIC = NO;
				GCC_NO_COMMON_BLOCKS = YES;
				GCC_OPTIMIZATION_LEVEL = 0;
				GCC_PREPROCESSOR_DEFINITIONS = (
					"DEBUG=1",
					"$(inherited)",
				);
				GCC_WARN_64_TO_32_BIT_CONVERSION = YES;
				GCC_WARN_ABOUT_RETURN_TYPE = YES_ERROR;
				GCC_WARN_UNDECLARED_SELECTOR = YES;
				GCC_WARN_UNINITIALIZED_AUTOS = YES_AGGRESSIVE;
				GCC_WARN_UNUSED_FUNCTION = YES;
				GCC_WARN_UNUSED_VARIABLE = YES;
				IPHONEOS_DEPLOYMENT_TARGET = 15.0;
				MTL_ENABLE_DEBUG_INFO = YES;
				ONLY_ACTIVE_ARCH = YES;
				SDKROOT = iphoneos;
				TARGETED_DEVICE_FAMILY = "1,2";
			};
			name = "Debug-Runner-prod";
		};
		EC595B362ACCB79100A927E1 /* Debug-Runner-prod */ = {
			isa = XCBuildConfiguration;
			baseConfigurationReference = 9740EEB21CF90195004384FC /* Debug.xcconfig */;
			buildSettings = {
				ALWAYS_EMBED_SWIFT_STANDARD_LIBRARIES = YES;
				ASSETCATALOG_COMPILER_APPICON_NAME = AppIcon;
				CLANG_ENABLE_MODULES = YES;
				CODE_SIGN_ENTITLEMENTS = Runner/Runner.entitlements;
				CURRENT_PROJECT_VERSION = 12;
				DEVELOPMENT_TEAM = 4FYC28AXA2;
				ENABLE_BITCODE = NO;
				FRAMEWORK_SEARCH_PATHS = (
					"$(inherited)",
					"$(PROJECT_DIR)/InternalFrameworks",
				);
				INFOPLIST_FILE = Runner/Info.plist;
				INFOPLIST_KEY_CFBundleDisplayName = Lantern;
				IPHONEOS_DEPLOYMENT_TARGET = 15.0;
				LD_RUNPATH_SEARCH_PATHS = (
					"$(inherited)",
					"@executable_path/Frameworks",
				);
				LINK_WITH_STANDARD_LIBRARIES = YES;
				MARKETING_VERSION = 7.5.0;
				PRODUCT_BUNDLE_IDENTIFIER = org.getlantern.lantern;
				PRODUCT_NAME = "$(TARGET_NAME)";
				SWIFT_OBJC_BRIDGING_HEADER = "Runner/Runner-Bridging-Header.h";
				SWIFT_OPTIMIZATION_LEVEL = "-Onone";
				SWIFT_VERSION = 5.0;
				VERSIONING_SYSTEM = "apple-generic";
			};
			name = "Debug-Runner-prod";
		};
		EC595B372ACCB79100A927E1 /* Debug-Runner-prod */ = {
			isa = XCBuildConfiguration;
			buildSettings = {
				CLANG_ANALYZER_NUMBER_OBJECT_CONVERSION = YES_AGGRESSIVE;
				CLANG_CXX_LANGUAGE_STANDARD = "gnu++20";
				CLANG_ENABLE_OBJC_WEAK = YES;
				CLANG_WARN_DOCUMENTATION_COMMENTS = YES;
				CLANG_WARN_QUOTED_INCLUDE_IN_FRAMEWORK_HEADER = YES;
				CLANG_WARN_UNGUARDED_AVAILABILITY = YES_AGGRESSIVE;
				CODE_SIGN_ENTITLEMENTS = Tunnel/Tunnel.entitlements;
				CODE_SIGN_STYLE = Automatic;
				CURRENT_PROJECT_VERSION = 1;
				DEVELOPMENT_TEAM = 4FYC28AXA2;
				GCC_C_LANGUAGE_STANDARD = gnu11;
				GENERATE_INFOPLIST_FILE = YES;
				INFOPLIST_FILE = Tunnel/Info.plist;
				INFOPLIST_KEY_CFBundleDisplayName = Tunnel;
				INFOPLIST_KEY_NSHumanReadableCopyright = "";
				IPHONEOS_DEPLOYMENT_TARGET = 12.0;
				LD_RUNPATH_SEARCH_PATHS = (
					"$(inherited)",
					"@executable_path/Frameworks",
					"@executable_path/../../Frameworks",
				);
				MARKETING_VERSION = 1.0;
				MTL_ENABLE_DEBUG_INFO = INCLUDE_SOURCE;
				MTL_FAST_MATH = YES;
				OTHER_LDFLAGS = "-lc++";
				PRODUCT_BUNDLE_IDENTIFIER = org.getlantern.lantern.Tunnel;
				PRODUCT_NAME = "$(TARGET_NAME)";
				SKIP_INSTALL = YES;
				SWIFT_ACTIVE_COMPILATION_CONDITIONS = DEBUG;
				SWIFT_EMIT_LOC_STRINGS = YES;
				SWIFT_OPTIMIZATION_LEVEL = "-Onone";
				SWIFT_VERSION = 5.0;
				TARGETED_DEVICE_FAMILY = "1,2";
			};
			name = "Debug-Runner-prod";
		};
		EC595B382ACCB79100A927E1 /* Debug-Runner-prod */ = {
			isa = XCBuildConfiguration;
			buildSettings = {
				BUNDLE_LOADER = "$(TEST_HOST)";
				CLANG_ANALYZER_NUMBER_OBJECT_CONVERSION = YES_AGGRESSIVE;
				CLANG_CXX_LANGUAGE_STANDARD = "gnu++20";
				CLANG_ENABLE_OBJC_WEAK = YES;
				CLANG_WARN_DOCUMENTATION_COMMENTS = YES;
				CLANG_WARN_QUOTED_INCLUDE_IN_FRAMEWORK_HEADER = YES;
				CLANG_WARN_UNGUARDED_AVAILABILITY = YES_AGGRESSIVE;
				CODE_SIGN_STYLE = Automatic;
				CURRENT_PROJECT_VERSION = 1;
				DEVELOPMENT_TEAM = 4FYC28AXA2;
				GCC_C_LANGUAGE_STANDARD = gnu11;
				GENERATE_INFOPLIST_FILE = YES;
				IPHONEOS_DEPLOYMENT_TARGET = 16.4;
				MACOSX_DEPLOYMENT_TARGET = 13.3;
				MARKETING_VERSION = 1.0;
				MTL_ENABLE_DEBUG_INFO = INCLUDE_SOURCE;
				MTL_FAST_MATH = YES;
				PRODUCT_BUNDLE_IDENTIFIER = org.getlantern.lantern.LanternTests;
				PRODUCT_NAME = "$(TARGET_NAME)";
				SDKROOT = auto;
				SUPPORTED_PLATFORMS = "iphoneos iphonesimulator macosx";
				SWIFT_ACTIVE_COMPILATION_CONDITIONS = DEBUG;
				SWIFT_EMIT_LOC_STRINGS = NO;
				SWIFT_OPTIMIZATION_LEVEL = "-Onone";
				SWIFT_VERSION = 5.0;
				TARGETED_DEVICE_FAMILY = "1,2";
				TEST_HOST = "$(BUILT_PRODUCTS_DIR)/Runner.app/$(BUNDLE_EXECUTABLE_FOLDER_PATH)/Runner";
			};
			name = "Debug-Runner-prod";
		};
		ECCA8C6A2ABD16D20037BF9B /* Debug-prod */ = {
			isa = XCBuildConfiguration;
			buildSettings = {
				BUNDLE_LOADER = "$(TEST_HOST)";
				CLANG_ANALYZER_NUMBER_OBJECT_CONVERSION = YES_AGGRESSIVE;
				CLANG_CXX_LANGUAGE_STANDARD = "gnu++20";
				CLANG_ENABLE_OBJC_WEAK = YES;
				CLANG_WARN_DOCUMENTATION_COMMENTS = YES;
				CLANG_WARN_QUOTED_INCLUDE_IN_FRAMEWORK_HEADER = YES;
				CLANG_WARN_UNGUARDED_AVAILABILITY = YES_AGGRESSIVE;
				CODE_SIGN_STYLE = Automatic;
				CURRENT_PROJECT_VERSION = 1;
				DEVELOPMENT_TEAM = 4FYC28AXA2;
				GCC_C_LANGUAGE_STANDARD = gnu11;
				GENERATE_INFOPLIST_FILE = YES;
				IPHONEOS_DEPLOYMENT_TARGET = 16.4;
				MACOSX_DEPLOYMENT_TARGET = 13.3;
				MARKETING_VERSION = 1.0;
				MTL_ENABLE_DEBUG_INFO = INCLUDE_SOURCE;
				MTL_FAST_MATH = YES;
				PRODUCT_BUNDLE_IDENTIFIER = org.getlantern.lantern.LanternTests;
				PRODUCT_NAME = "$(TARGET_NAME)";
				SDKROOT = auto;
				SUPPORTED_PLATFORMS = "iphoneos iphonesimulator macosx";
				SWIFT_ACTIVE_COMPILATION_CONDITIONS = DEBUG;
				SWIFT_EMIT_LOC_STRINGS = NO;
				SWIFT_OPTIMIZATION_LEVEL = "-Onone";
				SWIFT_VERSION = 5.0;
				TARGETED_DEVICE_FAMILY = "1,2";
				TEST_HOST = "$(BUILT_PRODUCTS_DIR)/Runner.app/$(BUNDLE_EXECUTABLE_FOLDER_PATH)/Runner";
			};
			name = "Debug-prod";
		};
		ECCA8C6B2ABD16D20037BF9B /* Release-prod */ = {
			isa = XCBuildConfiguration;
			buildSettings = {
				BUNDLE_LOADER = "$(TEST_HOST)";
				CLANG_ANALYZER_NUMBER_OBJECT_CONVERSION = YES_AGGRESSIVE;
				CLANG_CXX_LANGUAGE_STANDARD = "gnu++20";
				CLANG_ENABLE_OBJC_WEAK = YES;
				CLANG_WARN_DOCUMENTATION_COMMENTS = YES;
				CLANG_WARN_QUOTED_INCLUDE_IN_FRAMEWORK_HEADER = YES;
				CLANG_WARN_UNGUARDED_AVAILABILITY = YES_AGGRESSIVE;
				CODE_SIGN_STYLE = Automatic;
				CURRENT_PROJECT_VERSION = 1;
				DEVELOPMENT_TEAM = 4FYC28AXA2;
				GCC_C_LANGUAGE_STANDARD = gnu11;
				GENERATE_INFOPLIST_FILE = YES;
				IPHONEOS_DEPLOYMENT_TARGET = 16.4;
				MACOSX_DEPLOYMENT_TARGET = 13.3;
				MARKETING_VERSION = 1.0;
				MTL_FAST_MATH = YES;
				PRODUCT_BUNDLE_IDENTIFIER = org.getlantern.lantern.LanternTests;
				PRODUCT_NAME = "$(TARGET_NAME)";
				SDKROOT = auto;
				SUPPORTED_PLATFORMS = "iphoneos iphonesimulator macosx";
				SWIFT_COMPILATION_MODE = wholemodule;
				SWIFT_EMIT_LOC_STRINGS = NO;
				SWIFT_OPTIMIZATION_LEVEL = "-O";
				SWIFT_VERSION = 5.0;
				TARGETED_DEVICE_FAMILY = "1,2";
				TEST_HOST = "$(BUILT_PRODUCTS_DIR)/Runner.app/$(BUNDLE_EXECUTABLE_FOLDER_PATH)/Runner";
			};
			name = "Release-prod";
		};
		ECCA8C6C2ABD16D20037BF9B /* Profile-prod */ = {
			isa = XCBuildConfiguration;
			buildSettings = {
				BUNDLE_LOADER = "$(TEST_HOST)";
				CLANG_ANALYZER_NUMBER_OBJECT_CONVERSION = YES_AGGRESSIVE;
				CLANG_CXX_LANGUAGE_STANDARD = "gnu++20";
				CLANG_ENABLE_OBJC_WEAK = YES;
				CLANG_WARN_DOCUMENTATION_COMMENTS = YES;
				CLANG_WARN_QUOTED_INCLUDE_IN_FRAMEWORK_HEADER = YES;
				CLANG_WARN_UNGUARDED_AVAILABILITY = YES_AGGRESSIVE;
				CODE_SIGN_STYLE = Automatic;
				CURRENT_PROJECT_VERSION = 1;
				DEVELOPMENT_TEAM = 4FYC28AXA2;
				GCC_C_LANGUAGE_STANDARD = gnu11;
				GENERATE_INFOPLIST_FILE = YES;
				IPHONEOS_DEPLOYMENT_TARGET = 16.4;
				MACOSX_DEPLOYMENT_TARGET = 13.3;
				MARKETING_VERSION = 1.0;
				MTL_FAST_MATH = YES;
				PRODUCT_BUNDLE_IDENTIFIER = org.getlantern.lantern.LanternTests;
				PRODUCT_NAME = "$(TARGET_NAME)";
				SDKROOT = auto;
				SUPPORTED_PLATFORMS = "iphoneos iphonesimulator macosx";
				SWIFT_COMPILATION_MODE = wholemodule;
				SWIFT_EMIT_LOC_STRINGS = NO;
				SWIFT_OPTIMIZATION_LEVEL = "-O";
				SWIFT_VERSION = 5.0;
				TARGETED_DEVICE_FAMILY = "1,2";
				TEST_HOST = "$(BUILT_PRODUCTS_DIR)/Runner.app/$(BUNDLE_EXECUTABLE_FOLDER_PATH)/Runner";
			};
			name = "Profile-prod";
		};
/* End XCBuildConfiguration section */

/* Begin XCConfigurationList section */
		03A1AB3B2AA890AB00FB41B2 /* Build configuration list for PBXNativeTarget "Tunnel" */ = {
			isa = XCConfigurationList;
			buildConfigurations = (
				03A1AB3C2AA890AB00FB41B2 /* Debug-prod */,
				0390FE9B2AD533C100D2818A /* Debug-appiumTest */,
				EC595B372ACCB79100A927E1 /* Debug-Runner-prod */,
				0390FEA72AD533E600D2818A /* Debug-Runner-appiumTest */,
				03A1AB3D2AA890AB00FB41B2 /* Release-prod */,
				0390FE9F2AD533CF00D2818A /* Release-appiumTest */,
				03A1AB3E2AA890AB00FB41B2 /* Profile-prod */,
				0390FEA32AD533D900D2818A /* Profile-appiumTest */,
			);
			defaultConfigurationIsVisible = 0;
			defaultConfigurationName = "Release-prod";
		};
		97C146E91CF9000F007C117D /* Build configuration list for PBXProject "Runner" */ = {
			isa = XCConfigurationList;
			buildConfigurations = (
				97C147031CF9000F007C117D /* Debug-prod */,
				0390FE992AD533C100D2818A /* Debug-appiumTest */,
				EC595B352ACCB79100A927E1 /* Debug-Runner-prod */,
				0390FEA52AD533E600D2818A /* Debug-Runner-appiumTest */,
				97C147041CF9000F007C117D /* Release-prod */,
				0390FE9D2AD533CF00D2818A /* Release-appiumTest */,
				249021D3217E4FDB00AE95B9 /* Profile-prod */,
				0390FEA12AD533D900D2818A /* Profile-appiumTest */,
			);
			defaultConfigurationIsVisible = 0;
			defaultConfigurationName = "Release-prod";
		};
		97C147051CF9000F007C117D /* Build configuration list for PBXNativeTarget "Runner" */ = {
			isa = XCConfigurationList;
			buildConfigurations = (
				97C147061CF9000F007C117D /* Debug-prod */,
				0390FE9A2AD533C100D2818A /* Debug-appiumTest */,
				EC595B362ACCB79100A927E1 /* Debug-Runner-prod */,
				0390FEA62AD533E600D2818A /* Debug-Runner-appiumTest */,
				97C147071CF9000F007C117D /* Release-prod */,
				0390FE9E2AD533CF00D2818A /* Release-appiumTest */,
				249021D4217E4FDB00AE95B9 /* Profile-prod */,
				0390FEA22AD533D900D2818A /* Profile-appiumTest */,
			);
			defaultConfigurationIsVisible = 0;
			defaultConfigurationName = "Release-prod";
		};
		ECCA8C6D2ABD16D20037BF9B /* Build configuration list for PBXNativeTarget "LanternTests" */ = {
			isa = XCConfigurationList;
			buildConfigurations = (
				ECCA8C6A2ABD16D20037BF9B /* Debug-prod */,
				0390FE9C2AD533C100D2818A /* Debug-appiumTest */,
				EC595B382ACCB79100A927E1 /* Debug-Runner-prod */,
				0390FEA82AD533E600D2818A /* Debug-Runner-appiumTest */,
				ECCA8C6B2ABD16D20037BF9B /* Release-prod */,
				0390FEA02AD533CF00D2818A /* Release-appiumTest */,
				ECCA8C6C2ABD16D20037BF9B /* Profile-prod */,
				0390FEA42AD533D900D2818A /* Profile-appiumTest */,
			);
			defaultConfigurationIsVisible = 0;
			defaultConfigurationName = "Release-prod";
		};
/* End XCConfigurationList section */

/* Begin XCSwiftPackageProductDependency section */
		EC27DE8F2AC44FAD00B840F2 /* DBModule */ = {
			isa = XCSwiftPackageProductDependency;
			productName = DBModule;
		};
/* End XCSwiftPackageProductDependency section */
	};
	rootObject = 97C146E61CF9000F007C117D /* Project object */;
}
