// !$*UTF8*$!
{
	archiveVersion = 1;
	classes = {
	};
	objectVersion = 56;
	objects = {

/* Begin PBXBuildFile section */
		031B6A6D2AC166D800FE72A4 /* DatabaseFramework.docc in Sources */ = {isa = PBXBuildFile; fileRef = 031B6A6C2AC166D800FE72A4 /* DatabaseFramework.docc */; };
		031B6A732AC166D800FE72A4 /* DatabaseFramework.framework in Frameworks */ = {isa = PBXBuildFile; fileRef = 031B6A682AC166D800FE72A4 /* DatabaseFramework.framework */; };
		031B6A782AC166D800FE72A4 /* DatabaseFrameworkTests.swift in Sources */ = {isa = PBXBuildFile; fileRef = 031B6A772AC166D800FE72A4 /* DatabaseFrameworkTests.swift */; };
		031B6A792AC166D800FE72A4 /* DatabaseFramework.h in Headers */ = {isa = PBXBuildFile; fileRef = 031B6A6B2AC166D800FE72A4 /* DatabaseFramework.h */; settings = {ATTRIBUTES = (Public, ); }; };
		036E5E552AC1EBA90062C70D /* Internalsdk.xcframework in Frameworks */ = {isa = PBXBuildFile; fileRef = 031B6A922AC167DA00FE72A4 /* Internalsdk.xcframework */; };
		036E5E562AC1EBA90062C70D /* Internalsdk.xcframework in Embed Frameworks */ = {isa = PBXBuildFile; fileRef = 031B6A922AC167DA00FE72A4 /* Internalsdk.xcframework */; settings = {ATTRIBUTES = (RemoveHeadersOnCopy, ); }; };
		039002A82AC16BE300D6B6CA /* Logger.swift in Sources */ = {isa = PBXBuildFile; fileRef = 039002A72AC16BE300D6B6CA /* Logger.swift */; };
		03C58B052AC18A6C003C9788 /* Database.swift in Sources */ = {isa = PBXBuildFile; fileRef = 03C58B022AC18A6C003C9788 /* Database.swift */; };
		03C58B062AC18A6C003C9788 /* ValueUtil.swift in Sources */ = {isa = PBXBuildFile; fileRef = 03C58B032AC18A6C003C9788 /* ValueUtil.swift */; };
		43F938EEC5A7E2D14CCA8531 /* Pods_DatabaseFrameworkTests.framework in Frameworks */ = {isa = PBXBuildFile; fileRef = CC9CC3EF2779550E870C1BB9 /* Pods_DatabaseFrameworkTests.framework */; };
/* End PBXBuildFile section */

/* Begin PBXContainerItemProxy section */
		031B6A742AC166D800FE72A4 /* PBXContainerItemProxy */ = {
			isa = PBXContainerItemProxy;
			containerPortal = 031B6A5F2AC166D800FE72A4 /* Project object */;
			proxyType = 1;
			remoteGlobalIDString = 031B6A672AC166D800FE72A4;
			remoteInfo = DatabaseFramework;
		};
/* End PBXContainerItemProxy section */

/* Begin PBXCopyFilesBuildPhase section */
		036E5E572AC1EBA90062C70D /* Embed Frameworks */ = {
			isa = PBXCopyFilesBuildPhase;
			buildActionMask = 2147483647;
			dstPath = "";
			dstSubfolderSpec = 10;
			files = (
				036E5E562AC1EBA90062C70D /* Internalsdk.xcframework in Embed Frameworks */,
			);
			name = "Embed Frameworks";
			runOnlyForDeploymentPostprocessing = 0;
		};
/* End PBXCopyFilesBuildPhase section */

/* Begin PBXFileReference section */
		031B6A682AC166D800FE72A4 /* DatabaseFramework.framework */ = {isa = PBXFileReference; explicitFileType = wrapper.framework; includeInIndex = 0; path = DatabaseFramework.framework; sourceTree = BUILT_PRODUCTS_DIR; };
		031B6A6B2AC166D800FE72A4 /* DatabaseFramework.h */ = {isa = PBXFileReference; lastKnownFileType = sourcecode.c.h; path = DatabaseFramework.h; sourceTree = "<group>"; };
		031B6A6C2AC166D800FE72A4 /* DatabaseFramework.docc */ = {isa = PBXFileReference; lastKnownFileType = folder.documentationcatalog; path = DatabaseFramework.docc; sourceTree = "<group>"; };
		031B6A722AC166D800FE72A4 /* DatabaseFrameworkTests.xctest */ = {isa = PBXFileReference; explicitFileType = wrapper.cfbundle; includeInIndex = 0; path = DatabaseFrameworkTests.xctest; sourceTree = BUILT_PRODUCTS_DIR; };
		031B6A772AC166D800FE72A4 /* DatabaseFrameworkTests.swift */ = {isa = PBXFileReference; lastKnownFileType = sourcecode.swift; path = DatabaseFrameworkTests.swift; sourceTree = "<group>"; };
		031B6A922AC167DA00FE72A4 /* Internalsdk.xcframework */ = {isa = PBXFileReference; lastKnownFileType = wrapper.xcframework; name = Internalsdk.xcframework; path = ../../internalsdk/Internalsdk.xcframework; sourceTree = "<group>"; };
		039002A72AC16BE300D6B6CA /* Logger.swift */ = {isa = PBXFileReference; fileEncoding = 4; lastKnownFileType = sourcecode.swift; name = Logger.swift; path = ../../../../Runner/Lantern/Utils/Logger.swift; sourceTree = "<group>"; };
		03C58B022AC18A6C003C9788 /* Database.swift */ = {isa = PBXFileReference; fileEncoding = 4; lastKnownFileType = sourcecode.swift; path = Database.swift; sourceTree = "<group>"; };
		03C58B032AC18A6C003C9788 /* ValueUtil.swift */ = {isa = PBXFileReference; fileEncoding = 4; lastKnownFileType = sourcecode.swift; path = ValueUtil.swift; sourceTree = "<group>"; };
		1BDC82C5279C5550A045A344 /* Pods_DatabaseFramework.framework */ = {isa = PBXFileReference; explicitFileType = wrapper.framework; includeInIndex = 0; path = Pods_DatabaseFramework.framework; sourceTree = BUILT_PRODUCTS_DIR; };
		778566E0DB5403981F1D6F64 /* Pods-DatabaseFramework-DatabaseFrameworkTests.release.xcconfig */ = {isa = PBXFileReference; includeInIndex = 1; lastKnownFileType = text.xcconfig; name = "Pods-DatabaseFramework-DatabaseFrameworkTests.release.xcconfig"; path = "Target Support Files/Pods-DatabaseFramework-DatabaseFrameworkTests/Pods-DatabaseFramework-DatabaseFrameworkTests.release.xcconfig"; sourceTree = "<group>"; };
		7C48FEF490C39D4A0F97D281 /* Pods-DatabaseFramework.debug.xcconfig */ = {isa = PBXFileReference; includeInIndex = 1; lastKnownFileType = text.xcconfig; name = "Pods-DatabaseFramework.debug.xcconfig"; path = "Target Support Files/Pods-DatabaseFramework/Pods-DatabaseFramework.debug.xcconfig"; sourceTree = "<group>"; };
		8E2F8B6891C4A13AEB2660D7 /* Pods-DatabaseFrameworkTests.release.xcconfig */ = {isa = PBXFileReference; includeInIndex = 1; lastKnownFileType = text.xcconfig; name = "Pods-DatabaseFrameworkTests.release.xcconfig"; path = "Target Support Files/Pods-DatabaseFrameworkTests/Pods-DatabaseFrameworkTests.release.xcconfig"; sourceTree = "<group>"; };
		BE63CCD43253DEEC69D47420 /* Pods-DatabaseFramework-DatabaseFrameworkTests.debug.xcconfig */ = {isa = PBXFileReference; includeInIndex = 1; lastKnownFileType = text.xcconfig; name = "Pods-DatabaseFramework-DatabaseFrameworkTests.debug.xcconfig"; path = "Target Support Files/Pods-DatabaseFramework-DatabaseFrameworkTests/Pods-DatabaseFramework-DatabaseFrameworkTests.debug.xcconfig"; sourceTree = "<group>"; };
		C96FDC37A83B9D3A775573D9 /* Pods-DatabaseFramework.release.xcconfig */ = {isa = PBXFileReference; includeInIndex = 1; lastKnownFileType = text.xcconfig; name = "Pods-DatabaseFramework.release.xcconfig"; path = "Target Support Files/Pods-DatabaseFramework/Pods-DatabaseFramework.release.xcconfig"; sourceTree = "<group>"; };
		CC9CC3EF2779550E870C1BB9 /* Pods_DatabaseFrameworkTests.framework */ = {isa = PBXFileReference; explicitFileType = wrapper.framework; includeInIndex = 0; path = Pods_DatabaseFrameworkTests.framework; sourceTree = BUILT_PRODUCTS_DIR; };
		DDF86635693F3D041020A060 /* Pods-DatabaseFrameworkTests.debug.xcconfig */ = {isa = PBXFileReference; includeInIndex = 1; lastKnownFileType = text.xcconfig; name = "Pods-DatabaseFrameworkTests.debug.xcconfig"; path = "Target Support Files/Pods-DatabaseFrameworkTests/Pods-DatabaseFrameworkTests.debug.xcconfig"; sourceTree = "<group>"; };
/* End PBXFileReference section */

/* Begin PBXFrameworksBuildPhase section */
		031B6A652AC166D800FE72A4 /* Frameworks */ = {
			isa = PBXFrameworksBuildPhase;
			buildActionMask = 2147483647;
			files = (
				036E5E552AC1EBA90062C70D /* Internalsdk.xcframework in Frameworks */,
			);
			runOnlyForDeploymentPostprocessing = 0;
		};
		031B6A6F2AC166D800FE72A4 /* Frameworks */ = {
			isa = PBXFrameworksBuildPhase;
			buildActionMask = 2147483647;
			files = (
				031B6A732AC166D800FE72A4 /* DatabaseFramework.framework in Frameworks */,
				43F938EEC5A7E2D14CCA8531 /* Pods_DatabaseFrameworkTests.framework in Frameworks */,
			);
			runOnlyForDeploymentPostprocessing = 0;
		};
/* End PBXFrameworksBuildPhase section */

/* Begin PBXGroup section */
		031B6A5E2AC166D800FE72A4 = {
			isa = PBXGroup;
			children = (
				031B6A6A2AC166D800FE72A4 /* DatabaseFramework */,
				031B6A762AC166D800FE72A4 /* DatabaseFrameworkTests */,
				031B6A692AC166D800FE72A4 /* Products */,
				F6EBAFAFA63BDE4EAC253CA2 /* Pods */,
				FEC3C6FB0BCD782D68189191 /* Frameworks */,
			);
			sourceTree = "<group>";
		};
		031B6A692AC166D800FE72A4 /* Products */ = {
			isa = PBXGroup;
			children = (
				031B6A682AC166D800FE72A4 /* DatabaseFramework.framework */,
				031B6A722AC166D800FE72A4 /* DatabaseFrameworkTests.xctest */,
			);
			name = Products;
			sourceTree = "<group>";
		};
		031B6A6A2AC166D800FE72A4 /* DatabaseFramework */ = {
			isa = PBXGroup;
			children = (
				039002A62AC16BCE00D6B6CA /* Utils */,
				031B6A8B2AC1679500FE72A4 /* Db */,
				031B6A6B2AC166D800FE72A4 /* DatabaseFramework.h */,
				031B6A6C2AC166D800FE72A4 /* DatabaseFramework.docc */,
			);
			path = DatabaseFramework;
			sourceTree = "<group>";
		};
		031B6A762AC166D800FE72A4 /* DatabaseFrameworkTests */ = {
			isa = PBXGroup;
			children = (
				031B6A772AC166D800FE72A4 /* DatabaseFrameworkTests.swift */,
			);
			path = DatabaseFrameworkTests;
			sourceTree = "<group>";
		};
		031B6A8B2AC1679500FE72A4 /* Db */ = {
			isa = PBXGroup;
			children = (
				03C58B022AC18A6C003C9788 /* Database.swift */,
				03C58B032AC18A6C003C9788 /* ValueUtil.swift */,
			);
			path = Db;
			sourceTree = "<group>";
		};
		039002A62AC16BCE00D6B6CA /* Utils */ = {
			isa = PBXGroup;
			children = (
				039002A72AC16BE300D6B6CA /* Logger.swift */,
			);
			path = Utils;
			sourceTree = "<group>";
		};
		F6EBAFAFA63BDE4EAC253CA2 /* Pods */ = {
			isa = PBXGroup;
			children = (
				7C48FEF490C39D4A0F97D281 /* Pods-DatabaseFramework.debug.xcconfig */,
				C96FDC37A83B9D3A775573D9 /* Pods-DatabaseFramework.release.xcconfig */,
				BE63CCD43253DEEC69D47420 /* Pods-DatabaseFramework-DatabaseFrameworkTests.debug.xcconfig */,
				778566E0DB5403981F1D6F64 /* Pods-DatabaseFramework-DatabaseFrameworkTests.release.xcconfig */,
				DDF86635693F3D041020A060 /* Pods-DatabaseFrameworkTests.debug.xcconfig */,
				8E2F8B6891C4A13AEB2660D7 /* Pods-DatabaseFrameworkTests.release.xcconfig */,
			);
			path = Pods;
			sourceTree = "<group>";
		};
		FEC3C6FB0BCD782D68189191 /* Frameworks */ = {
			isa = PBXGroup;
			children = (
				031B6A922AC167DA00FE72A4 /* Internalsdk.xcframework */,
				1BDC82C5279C5550A045A344 /* Pods_DatabaseFramework.framework */,
				CC9CC3EF2779550E870C1BB9 /* Pods_DatabaseFrameworkTests.framework */,
			);
			name = Frameworks;
			sourceTree = "<group>";
		};
/* End PBXGroup section */

/* Begin PBXHeadersBuildPhase section */
		031B6A632AC166D800FE72A4 /* Headers */ = {
			isa = PBXHeadersBuildPhase;
			buildActionMask = 2147483647;
			files = (
				031B6A792AC166D800FE72A4 /* DatabaseFramework.h in Headers */,
			);
			runOnlyForDeploymentPostprocessing = 0;
		};
/* End PBXHeadersBuildPhase section */

/* Begin PBXNativeTarget section */
		031B6A672AC166D800FE72A4 /* DatabaseFramework */ = {
			isa = PBXNativeTarget;
			buildConfigurationList = 031B6A7C2AC166D800FE72A4 /* Build configuration list for PBXNativeTarget "DatabaseFramework" */;
			buildPhases = (
				07CC92852D75496AEC2F9AB3 /* [CP] Check Pods Manifest.lock */,
				031B6A632AC166D800FE72A4 /* Headers */,
				031B6A642AC166D800FE72A4 /* Sources */,
				031B6A652AC166D800FE72A4 /* Frameworks */,
				031B6A662AC166D800FE72A4 /* Resources */,
				036E5E572AC1EBA90062C70D /* Embed Frameworks */,
			);
			buildRules = (
			);
			dependencies = (
			);
			name = DatabaseFramework;
			productName = DatabaseFramework;
			productReference = 031B6A682AC166D800FE72A4 /* DatabaseFramework.framework */;
			productType = "com.apple.product-type.framework";
		};
		031B6A712AC166D800FE72A4 /* DatabaseFrameworkTests */ = {
			isa = PBXNativeTarget;
			buildConfigurationList = 031B6A7F2AC166D800FE72A4 /* Build configuration list for PBXNativeTarget "DatabaseFrameworkTests" */;
			buildPhases = (
				7485090533C0778A46826958 /* [CP] Check Pods Manifest.lock */,
				031B6A6E2AC166D800FE72A4 /* Sources */,
				031B6A6F2AC166D800FE72A4 /* Frameworks */,
				031B6A702AC166D800FE72A4 /* Resources */,
				A42C46BE7269BC57D613C2E0 /* [CP] Embed Pods Frameworks */,
			);
			buildRules = (
			);
			dependencies = (
				031B6A752AC166D800FE72A4 /* PBXTargetDependency */,
			);
			name = DatabaseFrameworkTests;
			productName = DatabaseFrameworkTests;
			productReference = 031B6A722AC166D800FE72A4 /* DatabaseFrameworkTests.xctest */;
			productType = "com.apple.product-type.bundle.unit-test";
		};
/* End PBXNativeTarget section */

/* Begin PBXProject section */
		031B6A5F2AC166D800FE72A4 /* Project object */ = {
			isa = PBXProject;
			attributes = {
				BuildIndependentTargetsInParallel = 1;
				LastSwiftUpdateCheck = 1430;
				LastUpgradeCheck = 1430;
				TargetAttributes = {
					031B6A672AC166D800FE72A4 = {
						CreatedOnToolsVersion = 14.3.1;
					};
					031B6A712AC166D800FE72A4 = {
						CreatedOnToolsVersion = 14.3.1;
					};
				};
			};
			buildConfigurationList = 031B6A622AC166D800FE72A4 /* Build configuration list for PBXProject "DatabaseFramework" */;
			compatibilityVersion = "Xcode 14.0";
			developmentRegion = en;
			hasScannedForEncodings = 0;
			knownRegions = (
				en,
				Base,
			);
			mainGroup = 031B6A5E2AC166D800FE72A4;
			productRefGroup = 031B6A692AC166D800FE72A4 /* Products */;
			projectDirPath = "";
			projectRoot = "";
			targets = (
				031B6A672AC166D800FE72A4 /* DatabaseFramework */,
				031B6A712AC166D800FE72A4 /* DatabaseFrameworkTests */,
			);
		};
/* End PBXProject section */

/* Begin PBXResourcesBuildPhase section */
		031B6A662AC166D800FE72A4 /* Resources */ = {
			isa = PBXResourcesBuildPhase;
			buildActionMask = 2147483647;
			files = (
			);
			runOnlyForDeploymentPostprocessing = 0;
		};
		031B6A702AC166D800FE72A4 /* Resources */ = {
			isa = PBXResourcesBuildPhase;
			buildActionMask = 2147483647;
			files = (
			);
			runOnlyForDeploymentPostprocessing = 0;
		};
/* End PBXResourcesBuildPhase section */

/* Begin PBXShellScriptBuildPhase section */
		07CC92852D75496AEC2F9AB3 /* [CP] Check Pods Manifest.lock */ = {
			isa = PBXShellScriptBuildPhase;
			buildActionMask = 2147483647;
			files = (
			);
			inputFileListPaths = (
			);
			inputPaths = (
				"${PODS_PODFILE_DIR_PATH}/Podfile.lock",
				"${PODS_ROOT}/Manifest.lock",
			);
			name = "[CP] Check Pods Manifest.lock";
			outputFileListPaths = (
			);
			outputPaths = (
				"$(DERIVED_FILE_DIR)/Pods-DatabaseFramework-checkManifestLockResult.txt",
			);
			runOnlyForDeploymentPostprocessing = 0;
			shellPath = /bin/sh;
			shellScript = "diff \"${PODS_PODFILE_DIR_PATH}/Podfile.lock\" \"${PODS_ROOT}/Manifest.lock\" > /dev/null\nif [ $? != 0 ] ; then\n    # print error to STDERR\n    echo \"error: The sandbox is not in sync with the Podfile.lock. Run 'pod install' or update your CocoaPods installation.\" >&2\n    exit 1\nfi\n# This output is used by Xcode 'outputs' to avoid re-running this script phase.\necho \"SUCCESS\" > \"${SCRIPT_OUTPUT_FILE_0}\"\n";
			showEnvVarsInLog = 0;
		};
		7485090533C0778A46826958 /* [CP] Check Pods Manifest.lock */ = {
			isa = PBXShellScriptBuildPhase;
			buildActionMask = 2147483647;
			files = (
			);
			inputFileListPaths = (
			);
			inputPaths = (
				"${PODS_PODFILE_DIR_PATH}/Podfile.lock",
				"${PODS_ROOT}/Manifest.lock",
			);
			name = "[CP] Check Pods Manifest.lock";
			outputFileListPaths = (
			);
			outputPaths = (
				"$(DERIVED_FILE_DIR)/Pods-DatabaseFrameworkTests-checkManifestLockResult.txt",
			);
			runOnlyForDeploymentPostprocessing = 0;
			shellPath = /bin/sh;
			shellScript = "diff \"${PODS_PODFILE_DIR_PATH}/Podfile.lock\" \"${PODS_ROOT}/Manifest.lock\" > /dev/null\nif [ $? != 0 ] ; then\n    # print error to STDERR\n    echo \"error: The sandbox is not in sync with the Podfile.lock. Run 'pod install' or update your CocoaPods installation.\" >&2\n    exit 1\nfi\n# This output is used by Xcode 'outputs' to avoid re-running this script phase.\necho \"SUCCESS\" > \"${SCRIPT_OUTPUT_FILE_0}\"\n";
			showEnvVarsInLog = 0;
		};
		A42C46BE7269BC57D613C2E0 /* [CP] Embed Pods Frameworks */ = {
			isa = PBXShellScriptBuildPhase;
			buildActionMask = 2147483647;
			files = (
			);
			inputFileListPaths = (
				"${PODS_ROOT}/Target Support Files/Pods-DatabaseFrameworkTests/Pods-DatabaseFrameworkTests-frameworks-${CONFIGURATION}-input-files.xcfilelist",
			);
			name = "[CP] Embed Pods Frameworks";
			outputFileListPaths = (
				"${PODS_ROOT}/Target Support Files/Pods-DatabaseFrameworkTests/Pods-DatabaseFrameworkTests-frameworks-${CONFIGURATION}-output-files.xcfilelist",
			);
			runOnlyForDeploymentPostprocessing = 0;
			shellPath = /bin/sh;
			shellScript = "\"${PODS_ROOT}/Target Support Files/Pods-DatabaseFrameworkTests/Pods-DatabaseFrameworkTests-frameworks.sh\"\n";
			showEnvVarsInLog = 0;
		};
/* End PBXShellScriptBuildPhase section */

/* Begin PBXSourcesBuildPhase section */
		031B6A642AC166D800FE72A4 /* Sources */ = {
			isa = PBXSourcesBuildPhase;
			buildActionMask = 2147483647;
			files = (
				039002A82AC16BE300D6B6CA /* Logger.swift in Sources */,
				031B6A6D2AC166D800FE72A4 /* DatabaseFramework.docc in Sources */,
				03C58B052AC18A6C003C9788 /* Database.swift in Sources */,
				03C58B062AC18A6C003C9788 /* ValueUtil.swift in Sources */,
			);
			runOnlyForDeploymentPostprocessing = 0;
		};
		031B6A6E2AC166D800FE72A4 /* Sources */ = {
			isa = PBXSourcesBuildPhase;
			buildActionMask = 2147483647;
			files = (
				031B6A782AC166D800FE72A4 /* DatabaseFrameworkTests.swift in Sources */,
			);
			runOnlyForDeploymentPostprocessing = 0;
		};
/* End PBXSourcesBuildPhase section */

/* Begin PBXTargetDependency section */
		031B6A752AC166D800FE72A4 /* PBXTargetDependency */ = {
			isa = PBXTargetDependency;
			target = 031B6A672AC166D800FE72A4 /* DatabaseFramework */;
			targetProxy = 031B6A742AC166D800FE72A4 /* PBXContainerItemProxy */;
		};
/* End PBXTargetDependency section */

/* Begin XCBuildConfiguration section */
		031B6A7A2AC166D800FE72A4 /* Debug */ = {
			isa = XCBuildConfiguration;
			buildSettings = {
				ALWAYS_SEARCH_USER_PATHS = NO;
				CLANG_ANALYZER_NONNULL = YES;
				CLANG_ANALYZER_NUMBER_OBJECT_CONVERSION = YES_AGGRESSIVE;
				CLANG_CXX_LANGUAGE_STANDARD = "gnu++20";
				CLANG_ENABLE_MODULES = YES;
				CLANG_ENABLE_OBJC_ARC = YES;
				CLANG_ENABLE_OBJC_WEAK = YES;
				CLANG_WARN_BLOCK_CAPTURE_AUTORELEASING = YES;
				CLANG_WARN_BOOL_CONVERSION = YES;
				CLANG_WARN_COMMA = YES;
				CLANG_WARN_CONSTANT_CONVERSION = YES;
				CLANG_WARN_DEPRECATED_OBJC_IMPLEMENTATIONS = YES;
				CLANG_WARN_DIRECT_OBJC_ISA_USAGE = YES_ERROR;
				CLANG_WARN_DOCUMENTATION_COMMENTS = YES;
				CLANG_WARN_EMPTY_BODY = YES;
				CLANG_WARN_ENUM_CONVERSION = YES;
				CLANG_WARN_INFINITE_RECURSION = YES;
				CLANG_WARN_INT_CONVERSION = YES;
				CLANG_WARN_NON_LITERAL_NULL_CONVERSION = YES;
				CLANG_WARN_OBJC_IMPLICIT_RETAIN_SELF = YES;
				CLANG_WARN_OBJC_LITERAL_CONVERSION = YES;
				CLANG_WARN_OBJC_ROOT_CLASS = YES_ERROR;
				CLANG_WARN_QUOTED_INCLUDE_IN_FRAMEWORK_HEADER = YES;
				CLANG_WARN_RANGE_LOOP_ANALYSIS = YES;
				CLANG_WARN_STRICT_PROTOTYPES = YES;
				CLANG_WARN_SUSPICIOUS_MOVE = YES;
				CLANG_WARN_UNGUARDED_AVAILABILITY = YES_AGGRESSIVE;
				CLANG_WARN_UNREACHABLE_CODE = YES;
				CLANG_WARN__DUPLICATE_METHOD_MATCH = YES;
				COPY_PHASE_STRIP = NO;
				CURRENT_PROJECT_VERSION = 1;
				DEBUG_INFORMATION_FORMAT = dwarf;
				ENABLE_STRICT_OBJC_MSGSEND = YES;
				ENABLE_TESTABILITY = YES;
				GCC_C_LANGUAGE_STANDARD = gnu11;
				GCC_DYNAMIC_NO_PIC = NO;
				GCC_NO_COMMON_BLOCKS = YES;
				GCC_OPTIMIZATION_LEVEL = 0;
				GCC_PREPROCESSOR_DEFINITIONS = (
					"DEBUG=1",
					"$(inherited)",
				);
				GCC_WARN_64_TO_32_BIT_CONVERSION = YES;
				GCC_WARN_ABOUT_RETURN_TYPE = YES_ERROR;
				GCC_WARN_UNDECLARED_SELECTOR = YES;
				GCC_WARN_UNINITIALIZED_AUTOS = YES_AGGRESSIVE;
				GCC_WARN_UNUSED_FUNCTION = YES;
				GCC_WARN_UNUSED_VARIABLE = YES;
				IPHONEOS_DEPLOYMENT_TARGET = 11.0;
				MTL_ENABLE_DEBUG_INFO = INCLUDE_SOURCE;
				MTL_FAST_MATH = YES;
				ONLY_ACTIVE_ARCH = YES;
				SDKROOT = iphoneos;
				SWIFT_ACTIVE_COMPILATION_CONDITIONS = DEBUG;
				SWIFT_OPTIMIZATION_LEVEL = "-Onone";
				VERSIONING_SYSTEM = "apple-generic";
				VERSION_INFO_PREFIX = "";
			};
			name = Debug;
		};
		031B6A7B2AC166D800FE72A4 /* Release */ = {
			isa = XCBuildConfiguration;
			buildSettings = {
				ALWAYS_SEARCH_USER_PATHS = NO;
				CLANG_ANALYZER_NONNULL = YES;
				CLANG_ANALYZER_NUMBER_OBJECT_CONVERSION = YES_AGGRESSIVE;
				CLANG_CXX_LANGUAGE_STANDARD = "gnu++20";
				CLANG_ENABLE_MODULES = YES;
				CLANG_ENABLE_OBJC_ARC = YES;
				CLANG_ENABLE_OBJC_WEAK = YES;
				CLANG_WARN_BLOCK_CAPTURE_AUTORELEASING = YES;
				CLANG_WARN_BOOL_CONVERSION = YES;
				CLANG_WARN_COMMA = YES;
				CLANG_WARN_CONSTANT_CONVERSION = YES;
				CLANG_WARN_DEPRECATED_OBJC_IMPLEMENTATIONS = YES;
				CLANG_WARN_DIRECT_OBJC_ISA_USAGE = YES_ERROR;
				CLANG_WARN_DOCUMENTATION_COMMENTS = YES;
				CLANG_WARN_EMPTY_BODY = YES;
				CLANG_WARN_ENUM_CONVERSION = YES;
				CLANG_WARN_INFINITE_RECURSION = YES;
				CLANG_WARN_INT_CONVERSION = YES;
				CLANG_WARN_NON_LITERAL_NULL_CONVERSION = YES;
				CLANG_WARN_OBJC_IMPLICIT_RETAIN_SELF = YES;
				CLANG_WARN_OBJC_LITERAL_CONVERSION = YES;
				CLANG_WARN_OBJC_ROOT_CLASS = YES_ERROR;
				CLANG_WARN_QUOTED_INCLUDE_IN_FRAMEWORK_HEADER = YES;
				CLANG_WARN_RANGE_LOOP_ANALYSIS = YES;
				CLANG_WARN_STRICT_PROTOTYPES = YES;
				CLANG_WARN_SUSPICIOUS_MOVE = YES;
				CLANG_WARN_UNGUARDED_AVAILABILITY = YES_AGGRESSIVE;
				CLANG_WARN_UNREACHABLE_CODE = YES;
				CLANG_WARN__DUPLICATE_METHOD_MATCH = YES;
				COPY_PHASE_STRIP = NO;
				CURRENT_PROJECT_VERSION = 1;
				DEBUG_INFORMATION_FORMAT = "dwarf-with-dsym";
				ENABLE_NS_ASSERTIONS = NO;
				ENABLE_STRICT_OBJC_MSGSEND = YES;
				GCC_C_LANGUAGE_STANDARD = gnu11;
				GCC_NO_COMMON_BLOCKS = YES;
				GCC_WARN_64_TO_32_BIT_CONVERSION = YES;
				GCC_WARN_ABOUT_RETURN_TYPE = YES_ERROR;
				GCC_WARN_UNDECLARED_SELECTOR = YES;
				GCC_WARN_UNINITIALIZED_AUTOS = YES_AGGRESSIVE;
				GCC_WARN_UNUSED_FUNCTION = YES;
				GCC_WARN_UNUSED_VARIABLE = YES;
				IPHONEOS_DEPLOYMENT_TARGET = 11.0;
				MTL_ENABLE_DEBUG_INFO = NO;
				MTL_FAST_MATH = YES;
				SDKROOT = iphoneos;
				SWIFT_COMPILATION_MODE = wholemodule;
				SWIFT_OPTIMIZATION_LEVEL = "-O";
				VALIDATE_PRODUCT = YES;
				VERSIONING_SYSTEM = "apple-generic";
				VERSION_INFO_PREFIX = "";
			};
			name = Release;
		};
		031B6A7D2AC166D800FE72A4 /* Debug */ = {
			isa = XCBuildConfiguration;
			baseConfigurationReference = 7C48FEF490C39D4A0F97D281 /* Pods-DatabaseFramework.debug.xcconfig */;
			buildSettings = {
				CODE_SIGN_STYLE = Automatic;
				CURRENT_PROJECT_VERSION = 1;
				DEFINES_MODULE = YES;
				DEVELOPMENT_TEAM = 4FYC28AXA2;
				DYLIB_COMPATIBILITY_VERSION = 1;
				DYLIB_CURRENT_VERSION = 1;
				DYLIB_INSTALL_NAME_BASE = "@rpath";
				ENABLE_MODULE_VERIFIER = YES;
				FRAMEWORK_SEARCH_PATHS = (
					"$(inherited)",
					"\"${PODS_CONFIGURATION_BUILD_DIR}/SQLite.swift\"",
					"$(PROJECT_DIR)/Internalsdk/**",
				);
				GENERATE_INFOPLIST_FILE = YES;
				INFOPLIST_KEY_NSHumanReadableCopyright = "";
				INSTALL_PATH = "$(LOCAL_LIBRARY_DIR)/Frameworks";
				IPHONEOS_DEPLOYMENT_TARGET = 11.0;
				LD_RUNPATH_SEARCH_PATHS = (
					"$(inherited)",
					"@executable_path/Frameworks",
					"@loader_path/Frameworks",
				);
				MARKETING_VERSION = 1.0;
				MODULE_VERIFIER_SUPPORTED_LANGUAGES = "objective-c objective-c++";
				MODULE_VERIFIER_SUPPORTED_LANGUAGE_STANDARDS = "gnu11 gnu++20";
				PRODUCT_BUNDLE_IDENTIFIER = com.lantern.DatabaseFramework;
				PRODUCT_NAME = "$(TARGET_NAME:c99extidentifier)";
				SKIP_INSTALL = YES;
				SUPPORTED_PLATFORMS = "iphoneos iphonesimulator";
				SUPPORTS_MACCATALYST = NO;
				SUPPORTS_MAC_DESIGNED_FOR_IPHONE_IPAD = YES;
				SWIFT_EMIT_LOC_STRINGS = YES;
				SWIFT_INCLUDE_PATHS = "";
				SWIFT_VERSION = 5.0;
				TARGETED_DEVICE_FAMILY = "1,2";
			};
			name = Debug;
		};
		031B6A7E2AC166D800FE72A4 /* Release */ = {
			isa = XCBuildConfiguration;
			baseConfigurationReference = C96FDC37A83B9D3A775573D9 /* Pods-DatabaseFramework.release.xcconfig */;
			buildSettings = {
				CODE_SIGN_STYLE = Automatic;
				CURRENT_PROJECT_VERSION = 1;
				DEFINES_MODULE = YES;
				DEVELOPMENT_TEAM = 4FYC28AXA2;
				DYLIB_COMPATIBILITY_VERSION = 1;
				DYLIB_CURRENT_VERSION = 1;
				DYLIB_INSTALL_NAME_BASE = "@rpath";
				ENABLE_MODULE_VERIFIER = YES;
				GENERATE_INFOPLIST_FILE = YES;
				INFOPLIST_KEY_NSHumanReadableCopyright = "";
				INSTALL_PATH = "$(LOCAL_LIBRARY_DIR)/Frameworks";
				IPHONEOS_DEPLOYMENT_TARGET = 11.0;
				LD_RUNPATH_SEARCH_PATHS = (
					"$(inherited)",
					"@executable_path/Frameworks",
					"@loader_path/Frameworks",
				);
				MARKETING_VERSION = 1.0;
				MODULE_VERIFIER_SUPPORTED_LANGUAGES = "objective-c objective-c++";
				MODULE_VERIFIER_SUPPORTED_LANGUAGE_STANDARDS = "gnu11 gnu++20";
				PRODUCT_BUNDLE_IDENTIFIER = com.lantern.DatabaseFramework;
				PRODUCT_NAME = "$(TARGET_NAME:c99extidentifier)";
				SKIP_INSTALL = YES;
				SUPPORTED_PLATFORMS = "iphoneos iphonesimulator";
				SUPPORTS_MACCATALYST = NO;
				SUPPORTS_MAC_DESIGNED_FOR_IPHONE_IPAD = YES;
				SWIFT_EMIT_LOC_STRINGS = YES;
				SWIFT_VERSION = 5.0;
				TARGETED_DEVICE_FAMILY = "1,2";
			};
			name = Release;
		};
		031B6A802AC166D800FE72A4 /* Debug */ = {
			isa = XCBuildConfiguration;
			baseConfigurationReference = DDF86635693F3D041020A060 /* Pods-DatabaseFrameworkTests.debug.xcconfig */;
			buildSettings = {
				ALWAYS_EMBED_SWIFT_STANDARD_LIBRARIES = YES;
				CODE_SIGN_STYLE = Automatic;
				CURRENT_PROJECT_VERSION = 1;
				DEVELOPMENT_TEAM = 4FYC28AXA2;
				GENERATE_INFOPLIST_FILE = YES;
				MARKETING_VERSION = 1.0;
				PRODUCT_BUNDLE_IDENTIFIER = com.lantern.DatabaseFrameworkTests;
				PRODUCT_NAME = "$(TARGET_NAME)";
				SWIFT_EMIT_LOC_STRINGS = NO;
				SWIFT_VERSION = 5.0;
				TARGETED_DEVICE_FAMILY = "1,2";
			};
			name = Debug;
		};
		031B6A812AC166D800FE72A4 /* Release */ = {
			isa = XCBuildConfiguration;
			baseConfigurationReference = 8E2F8B6891C4A13AEB2660D7 /* Pods-DatabaseFrameworkTests.release.xcconfig */;
			buildSettings = {
				ALWAYS_EMBED_SWIFT_STANDARD_LIBRARIES = YES;
				CODE_SIGN_STYLE = Automatic;
				CURRENT_PROJECT_VERSION = 1;
				DEVELOPMENT_TEAM = 4FYC28AXA2;
				GENERATE_INFOPLIST_FILE = YES;
				MARKETING_VERSION = 1.0;
				PRODUCT_BUNDLE_IDENTIFIER = com.lantern.DatabaseFrameworkTests;
				PRODUCT_NAME = "$(TARGET_NAME)";
				SWIFT_EMIT_LOC_STRINGS = NO;
				SWIFT_VERSION = 5.0;
				TARGETED_DEVICE_FAMILY = "1,2";
			};
			name = Release;
		};
/* End XCBuildConfiguration section */

/* Begin XCConfigurationList section */
		031B6A622AC166D800FE72A4 /* Build configuration list for PBXProject "DatabaseFramework" */ = {
			isa = XCConfigurationList;
			buildConfigurations = (
				031B6A7A2AC166D800FE72A4 /* Debug */,
				031B6A7B2AC166D800FE72A4 /* Release */,
			);
			defaultConfigurationIsVisible = 0;
			defaultConfigurationName = Release;
		};
		031B6A7C2AC166D800FE72A4 /* Build configuration list for PBXNativeTarget "DatabaseFramework" */ = {
			isa = XCConfigurationList;
			buildConfigurations = (
				031B6A7D2AC166D800FE72A4 /* Debug */,
				031B6A7E2AC166D800FE72A4 /* Release */,
			);
			defaultConfigurationIsVisible = 0;
			defaultConfigurationName = Release;
		};
		031B6A7F2AC166D800FE72A4 /* Build configuration list for PBXNativeTarget "DatabaseFrameworkTests" */ = {
			isa = XCConfigurationList;
			buildConfigurations = (
				031B6A802AC166D800FE72A4 /* Debug */,
				031B6A812AC166D800FE72A4 /* Release */,
			);
			defaultConfigurationIsVisible = 0;
			defaultConfigurationName = Release;
		};
/* End XCConfigurationList section */
	};
	rootObject = 031B6A5F2AC166D800FE72A4 /* Project object */;
}
